// !$*UTF8*$!
{
	archiveVersion = 1;
	classes = {
	};
	objectVersion = 46;
	objects = {

/* Begin PBXBuildFile section */
		56A3DBDADD30B2041786D4D1 /* Pods_DouYuTV.framework in Frameworks */ = {isa = PBXBuildFile; fileRef = FE5EE554E444E1FB563D057B /* Pods_DouYuTV.framework */; };
		7322A5131DDE8E2800C70DEB /* RecommendCycleView.swift in Sources */ = {isa = PBXBuildFile; fileRef = 7322A5121DDE8E2800C70DEB /* RecommendCycleView.swift */; };
		7322A5151DDE8E5900C70DEB /* RecommendCycleView.xib in Resources */ = {isa = PBXBuildFile; fileRef = 7322A5141DDE8E5900C70DEB /* RecommendCycleView.xib */; };
		7322A5171DDE9E4000C70DEB /* CycleModel.swift in Sources */ = {isa = PBXBuildFile; fileRef = 7322A5161DDE9E4000C70DEB /* CycleModel.swift */; };
		7322A51A1DDEA1D100C70DEB /* CollectionCycleCell.swift in Sources */ = {isa = PBXBuildFile; fileRef = 7322A5181DDEA1D100C70DEB /* CollectionCycleCell.swift */; };
		7322A51B1DDEA1D100C70DEB /* CollectionCycleCell.xib in Resources */ = {isa = PBXBuildFile; fileRef = 7322A5191DDEA1D100C70DEB /* CollectionCycleCell.xib */; };
		733897141DD6F7BA00573041 /* Home.storyboard in Resources */ = {isa = PBXBuildFile; fileRef = 733897121DD6F7BA00573041 /* Home.storyboard */; };
		733897171DD6F7D200573041 /* Live.storyboard in Resources */ = {isa = PBXBuildFile; fileRef = 733897151DD6F7D200573041 /* Live.storyboard */; };
		7338971A1DD6F7F200573041 /* Follow.storyboard in Resources */ = {isa = PBXBuildFile; fileRef = 733897181DD6F7F200573041 /* Follow.storyboard */; };
		7338971D1DD6F80600573041 /* Profile.storyboard in Resources */ = {isa = PBXBuildFile; fileRef = 7338971B1DD6F80600573041 /* Profile.storyboard */; };
		733897291DD6FC2B00573041 /* MainViewController.swift in Sources */ = {isa = PBXBuildFile; fileRef = 733897261DD6FC2B00573041 /* MainViewController.swift */; };
		7338972B1DD6FC8700573041 /* HomeViewController.swift in Sources */ = {isa = PBXBuildFile; fileRef = 7338972A1DD6FC8700573041 /* HomeViewController.swift */; };
		7338972E1DD7044D00573041 /* UIBarButtonItem-Extension.swift in Sources */ = {isa = PBXBuildFile; fileRef = 7338972D1DD7044D00573041 /* UIBarButtonItem-Extension.swift */; };
		733897301DD70BAA00573041 /* PageTitleView.swift in Sources */ = {isa = PBXBuildFile; fileRef = 7338972F1DD70BAA00573041 /* PageTitleView.swift */; };
		7387AA4B1DDFF4940086517B /* AmuseViewModel.swift in Sources */ = {isa = PBXBuildFile; fileRef = 7387AA4A1DDFF4940086517B /* AmuseViewModel.swift */; };
		738A42BC1DDD9A3C003DC81A /* RecommendViewModel.swift in Sources */ = {isa = PBXBuildFile; fileRef = 738A42BB1DDD9A3C003DC81A /* RecommendViewModel.swift */; };
		738A42BE1DDD9D65003DC81A /* NSDate-Extension.swift in Sources */ = {isa = PBXBuildFile; fileRef = 738A42BD1DDD9D65003DC81A /* NSDate-Extension.swift */; };
		738A42C01DDDA005003DC81A /* AnchorGroup.swift in Sources */ = {isa = PBXBuildFile; fileRef = 738A42BF1DDDA005003DC81A /* AnchorGroup.swift */; };
		738A42C21DDDA1C3003DC81A /* AnchorModel.swift in Sources */ = {isa = PBXBuildFile; fileRef = 738A42C11DDDA1C3003DC81A /* AnchorModel.swift */; };
		738BDD6E1DD949C20079E9AE /* PageContentView.swift in Sources */ = {isa = PBXBuildFile; fileRef = 738BDD6D1DD949C20079E9AE /* PageContentView.swift */; };
		738BDD701DD94E030079E9AE /* UIColor-Extension.swift in Sources */ = {isa = PBXBuildFile; fileRef = 738BDD6F1DD94E030079E9AE /* UIColor-Extension.swift */; };
		7398CF121DD6F0DD00C0A1D8 /* AppDelegate.swift in Sources */ = {isa = PBXBuildFile; fileRef = 7398CF111DD6F0DD00C0A1D8 /* AppDelegate.swift */; };
		7398CF171DD6F0DD00C0A1D8 /* Main.storyboard in Resources */ = {isa = PBXBuildFile; fileRef = 7398CF151DD6F0DD00C0A1D8 /* Main.storyboard */; };
		7398CF191DD6F0DD00C0A1D8 /* Assets.xcassets in Resources */ = {isa = PBXBuildFile; fileRef = 7398CF181DD6F0DD00C0A1D8 /* Assets.xcassets */; };
		7398CF1C1DD6F0DD00C0A1D8 /* LaunchScreen.storyboard in Resources */ = {isa = PBXBuildFile; fileRef = 7398CF1A1DD6F0DD00C0A1D8 /* LaunchScreen.storyboard */; };
		7398CF271DD6F0DD00C0A1D8 /* DouYuTVTests.swift in Sources */ = {isa = PBXBuildFile; fileRef = 7398CF261DD6F0DD00C0A1D8 /* DouYuTVTests.swift */; };
		7398CF321DD6F0DD00C0A1D8 /* DouYuTVUITests.swift in Sources */ = {isa = PBXBuildFile; fileRef = 7398CF311DD6F0DD00C0A1D8 /* DouYuTVUITests.swift */; };
		739A59811DD70E490048A050 /* Common.swift in Sources */ = {isa = PBXBuildFile; fileRef = 739A59801DD70E490048A050 /* Common.swift */; };
		73C6ED831DDFD325004F9212 /* GameViewController.swift in Sources */ = {isa = PBXBuildFile; fileRef = 73C6ED821DDFD325004F9212 /* GameViewController.swift */; };
		73C6ED851DDFD87E004F9212 /* GameViewModel.swift in Sources */ = {isa = PBXBuildFile; fileRef = 73C6ED841DDFD87E004F9212 /* GameViewModel.swift */; };
		73C6ED871DDFDA10004F9212 /* GameModel.swift in Sources */ = {isa = PBXBuildFile; fileRef = 73C6ED861DDFDA10004F9212 /* GameModel.swift */; };
		73C6ED891DDFDB81004F9212 /* BaseGameModel.swift in Sources */ = {isa = PBXBuildFile; fileRef = 73C6ED881DDFDB81004F9212 /* BaseGameModel.swift */; };
		73C6ED8B1DDFEF67004F9212 /* AmuseViewController.swift in Sources */ = {isa = PBXBuildFile; fileRef = 73C6ED8A1DDFEF67004F9212 /* AmuseViewController.swift */; };
		73C8BDDD1DDE007100FA1E3B /* LICENSE in Resources */ = {isa = PBXBuildFile; fileRef = 73C8BDC51DDE007100FA1E3B /* LICENSE */; };
		73C8BDDE1DDE007100FA1E3B /* README.md in Sources */ = {isa = PBXBuildFile; fileRef = 73C8BDC61DDE007100FA1E3B /* README.md */; };
		73C8BDDF1DDE007100FA1E3B /* AnimatedImageView.swift in Sources */ = {isa = PBXBuildFile; fileRef = 73C8BDC81DDE007100FA1E3B /* AnimatedImageView.swift */; };
		73C8BDE01DDE007100FA1E3B /* Box.swift in Sources */ = {isa = PBXBuildFile; fileRef = 73C8BDC91DDE007100FA1E3B /* Box.swift */; };
		73C8BDE11DDE007100FA1E3B /* CacheSerializer.swift in Sources */ = {isa = PBXBuildFile; fileRef = 73C8BDCA1DDE007100FA1E3B /* CacheSerializer.swift */; };
		73C8BDE21DDE007100FA1E3B /* Filter.swift in Sources */ = {isa = PBXBuildFile; fileRef = 73C8BDCB1DDE007100FA1E3B /* Filter.swift */; };
		73C8BDE31DDE007100FA1E3B /* Image.swift in Sources */ = {isa = PBXBuildFile; fileRef = 73C8BDCC1DDE007100FA1E3B /* Image.swift */; };
		73C8BDE41DDE007100FA1E3B /* ImageCache.swift in Sources */ = {isa = PBXBuildFile; fileRef = 73C8BDCD1DDE007100FA1E3B /* ImageCache.swift */; };
		73C8BDE51DDE007100FA1E3B /* ImageDownloader.swift in Sources */ = {isa = PBXBuildFile; fileRef = 73C8BDCE1DDE007100FA1E3B /* ImageDownloader.swift */; };
		73C8BDE61DDE007100FA1E3B /* ImagePrefetcher.swift in Sources */ = {isa = PBXBuildFile; fileRef = 73C8BDCF1DDE007100FA1E3B /* ImagePrefetcher.swift */; };
		73C8BDE71DDE007100FA1E3B /* ImageProcessor.swift in Sources */ = {isa = PBXBuildFile; fileRef = 73C8BDD01DDE007100FA1E3B /* ImageProcessor.swift */; };
		73C8BDE81DDE007100FA1E3B /* ImageTransition.swift in Sources */ = {isa = PBXBuildFile; fileRef = 73C8BDD11DDE007100FA1E3B /* ImageTransition.swift */; };
		73C8BDE91DDE007100FA1E3B /* ImageView+Kingfisher.swift in Sources */ = {isa = PBXBuildFile; fileRef = 73C8BDD21DDE007100FA1E3B /* ImageView+Kingfisher.swift */; };
		73C8BDEA1DDE007100FA1E3B /* Indicator.swift in Sources */ = {isa = PBXBuildFile; fileRef = 73C8BDD31DDE007100FA1E3B /* Indicator.swift */; };
		73C8BDEB1DDE007100FA1E3B /* Kingfisher.swift in Sources */ = {isa = PBXBuildFile; fileRef = 73C8BDD51DDE007100FA1E3B /* Kingfisher.swift */; };
		73C8BDEC1DDE007100FA1E3B /* KingfisherManager.swift in Sources */ = {isa = PBXBuildFile; fileRef = 73C8BDD61DDE007100FA1E3B /* KingfisherManager.swift */; };
		73C8BDED1DDE007100FA1E3B /* KingfisherOptionsInfo.swift in Sources */ = {isa = PBXBuildFile; fileRef = 73C8BDD71DDE007100FA1E3B /* KingfisherOptionsInfo.swift */; };
		73C8BDEE1DDE007100FA1E3B /* RequrstModifier.swift in Sources */ = {isa = PBXBuildFile; fileRef = 73C8BDD81DDE007100FA1E3B /* RequrstModifier.swift */; };
		73C8BDEF1DDE007100FA1E3B /* Resource.swift in Sources */ = {isa = PBXBuildFile; fileRef = 73C8BDD91DDE007100FA1E3B /* Resource.swift */; };
		73C8BDF01DDE007100FA1E3B /* String+MD5.swift in Sources */ = {isa = PBXBuildFile; fileRef = 73C8BDDA1DDE007100FA1E3B /* String+MD5.swift */; };
		73C8BDF11DDE007100FA1E3B /* ThreadHelper.swift in Sources */ = {isa = PBXBuildFile; fileRef = 73C8BDDB1DDE007100FA1E3B /* ThreadHelper.swift */; };
		73C8BDF21DDE007100FA1E3B /* UIButton+Kingfisher.swift in Sources */ = {isa = PBXBuildFile; fileRef = 73C8BDDC1DDE007100FA1E3B /* UIButton+Kingfisher.swift */; };
		73C8BDF41DDE042C00FA1E3B /* CollectionBaseCell.swift in Sources */ = {isa = PBXBuildFile; fileRef = 73C8BDF31DDE042C00FA1E3B /* CollectionBaseCell.swift */; };
		73D28D951DDF359F004E3C3C /* RecommendGameView.swift in Sources */ = {isa = PBXBuildFile; fileRef = 73D28D941DDF359F004E3C3C /* RecommendGameView.swift */; };
		73D28D971DDF35B5004E3C3C /* RecommendGameView.xib in Resources */ = {isa = PBXBuildFile; fileRef = 73D28D961DDF35B5004E3C3C /* RecommendGameView.xib */; };
		73D28D9A1DDF40EF004E3C3C /* CollectionGameCell.swift in Sources */ = {isa = PBXBuildFile; fileRef = 73D28D981DDF40EF004E3C3C /* CollectionGameCell.swift */; };
		73D28D9B1DDF40EF004E3C3C /* CollectionGameCell.xib in Resources */ = {isa = PBXBuildFile; fileRef = 73D28D991DDF40EF004E3C3C /* CollectionGameCell.xib */; };
		73D7BBE81DDD7A4F00F41364 /* NetworkTools.swift in Sources */ = {isa = PBXBuildFile; fileRef = 73D7BBE71DDD7A4F00F41364 /* NetworkTools.swift */; };
		73E686B31DD9A6FA00E24312 /* RecommendViewController.swift in Sources */ = {isa = PBXBuildFile; fileRef = 73E686B21DD9A6FA00E24312 /* RecommendViewController.swift */; };
		73E686B61DD9B08700E24312 /* CollectionHeaderView.swift in Sources */ = {isa = PBXBuildFile; fileRef = 73E686B41DD9B08700E24312 /* CollectionHeaderView.swift */; };
		73E686B71DD9B08700E24312 /* CollectionHeaderView.xib in Resources */ = {isa = PBXBuildFile; fileRef = 73E686B51DD9B08700E24312 /* CollectionHeaderView.xib */; };
		73E686BA1DD9B44300E24312 /* CollectionNormalCell.swift in Sources */ = {isa = PBXBuildFile; fileRef = 73E686B81DD9B44300E24312 /* CollectionNormalCell.swift */; };
		73E686BB1DD9B44300E24312 /* CollectionNormalCell.xib in Resources */ = {isa = PBXBuildFile; fileRef = 73E686B91DD9B44300E24312 /* CollectionNormalCell.xib */; };
		73E686BE1DD9F08800E24312 /* CollectionPrettyCell.swift in Sources */ = {isa = PBXBuildFile; fileRef = 73E686BC1DD9F08800E24312 /* CollectionPrettyCell.swift */; };
		73E686BF1DD9F08800E24312 /* CollectionPrettyCell.xib in Resources */ = {isa = PBXBuildFile; fileRef = 73E686BD1DD9F08800E24312 /* CollectionPrettyCell.xib */; };
/* End PBXBuildFile section */

/* Begin PBXContainerItemProxy section */
		7398CF231DD6F0DD00C0A1D8 /* PBXContainerItemProxy */ = {
			isa = PBXContainerItemProxy;
			containerPortal = 7398CF061DD6F0DD00C0A1D8 /* Project object */;
			proxyType = 1;
			remoteGlobalIDString = 7398CF0D1DD6F0DD00C0A1D8;
			remoteInfo = DouYuTV;
		};
		7398CF2E1DD6F0DD00C0A1D8 /* PBXContainerItemProxy */ = {
			isa = PBXContainerItemProxy;
			containerPortal = 7398CF061DD6F0DD00C0A1D8 /* Project object */;
			proxyType = 1;
			remoteGlobalIDString = 7398CF0D1DD6F0DD00C0A1D8;
			remoteInfo = DouYuTV;
		};
/* End PBXContainerItemProxy section */

/* Begin PBXFileReference section */
		517BEFD6A6036AE26F85F868 /* Pods-DouYuTV.release.xcconfig */ = {isa = PBXFileReference; includeInIndex = 1; lastKnownFileType = text.xcconfig; name = "Pods-DouYuTV.release.xcconfig"; path = "Pods/Target Support Files/Pods-DouYuTV/Pods-DouYuTV.release.xcconfig"; sourceTree = "<group>"; };
		63A90F12BEC0449BDE219A64 /* Pods-DouYuTV.debug.xcconfig */ = {isa = PBXFileReference; includeInIndex = 1; lastKnownFileType = text.xcconfig; name = "Pods-DouYuTV.debug.xcconfig"; path = "Pods/Target Support Files/Pods-DouYuTV/Pods-DouYuTV.debug.xcconfig"; sourceTree = "<group>"; };
		7322A5121DDE8E2800C70DEB /* RecommendCycleView.swift */ = {isa = PBXFileReference; fileEncoding = 4; lastKnownFileType = sourcecode.swift; path = RecommendCycleView.swift; sourceTree = "<group>"; };
		7322A5141DDE8E5900C70DEB /* RecommendCycleView.xib */ = {isa = PBXFileReference; fileEncoding = 4; lastKnownFileType = file.xib; path = RecommendCycleView.xib; sourceTree = "<group>"; };
		7322A5161DDE9E4000C70DEB /* CycleModel.swift */ = {isa = PBXFileReference; fileEncoding = 4; lastKnownFileType = sourcecode.swift; path = CycleModel.swift; sourceTree = "<group>"; };
		7322A5181DDEA1D100C70DEB /* CollectionCycleCell.swift */ = {isa = PBXFileReference; fileEncoding = 4; lastKnownFileType = sourcecode.swift; path = CollectionCycleCell.swift; sourceTree = "<group>"; };
		7322A5191DDEA1D100C70DEB /* CollectionCycleCell.xib */ = {isa = PBXFileReference; fileEncoding = 4; lastKnownFileType = file.xib; path = CollectionCycleCell.xib; sourceTree = "<group>"; };
		733897131DD6F7BA00573041 /* Base */ = {isa = PBXFileReference; lastKnownFileType = file.storyboard; name = Base; path = DouYuTV/Base.lproj/Home.storyboard; sourceTree = SOURCE_ROOT; };
		733897161DD6F7D200573041 /* Base */ = {isa = PBXFileReference; lastKnownFileType = file.storyboard; name = Base; path = DouYuTV/Base.lproj/Live.storyboard; sourceTree = SOURCE_ROOT; };
		733897191DD6F7F200573041 /* Base */ = {isa = PBXFileReference; lastKnownFileType = file.storyboard; name = Base; path = DouYuTV/Base.lproj/Follow.storyboard; sourceTree = SOURCE_ROOT; };
		7338971C1DD6F80600573041 /* Base */ = {isa = PBXFileReference; lastKnownFileType = file.storyboard; name = Base; path = DouYuTV/Base.lproj/Profile.storyboard; sourceTree = SOURCE_ROOT; };
		733897261DD6FC2B00573041 /* MainViewController.swift */ = {isa = PBXFileReference; fileEncoding = 4; lastKnownFileType = sourcecode.swift; path = MainViewController.swift; sourceTree = "<group>"; };
		7338972A1DD6FC8700573041 /* HomeViewController.swift */ = {isa = PBXFileReference; fileEncoding = 4; lastKnownFileType = sourcecode.swift; path = HomeViewController.swift; sourceTree = "<group>"; };
		7338972D1DD7044D00573041 /* UIBarButtonItem-Extension.swift */ = {isa = PBXFileReference; fileEncoding = 4; lastKnownFileType = sourcecode.swift; path = "UIBarButtonItem-Extension.swift"; sourceTree = "<group>"; };
		7338972F1DD70BAA00573041 /* PageTitleView.swift */ = {isa = PBXFileReference; fileEncoding = 4; lastKnownFileType = sourcecode.swift; path = PageTitleView.swift; sourceTree = "<group>"; };
		7387AA4A1DDFF4940086517B /* AmuseViewModel.swift */ = {isa = PBXFileReference; fileEncoding = 4; lastKnownFileType = sourcecode.swift; path = AmuseViewModel.swift; sourceTree = "<group>"; };
		738A42BB1DDD9A3C003DC81A /* RecommendViewModel.swift */ = {isa = PBXFileReference; fileEncoding = 4; lastKnownFileType = sourcecode.swift; path = RecommendViewModel.swift; sourceTree = "<group>"; };
		738A42BD1DDD9D65003DC81A /* NSDate-Extension.swift */ = {isa = PBXFileReference; fileEncoding = 4; lastKnownFileType = sourcecode.swift; path = "NSDate-Extension.swift"; sourceTree = "<group>"; };
		738A42BF1DDDA005003DC81A /* AnchorGroup.swift */ = {isa = PBXFileReference; fileEncoding = 4; lastKnownFileType = sourcecode.swift; path = AnchorGroup.swift; sourceTree = "<group>"; };
		738A42C11DDDA1C3003DC81A /* AnchorModel.swift */ = {isa = PBXFileReference; fileEncoding = 4; lastKnownFileType = sourcecode.swift; path = AnchorModel.swift; sourceTree = "<group>"; };
		738BDD6D1DD949C20079E9AE /* PageContentView.swift */ = {isa = PBXFileReference; fileEncoding = 4; lastKnownFileType = sourcecode.swift; path = PageContentView.swift; sourceTree = "<group>"; };
		738BDD6F1DD94E030079E9AE /* UIColor-Extension.swift */ = {isa = PBXFileReference; fileEncoding = 4; lastKnownFileType = sourcecode.swift; path = "UIColor-Extension.swift"; sourceTree = "<group>"; };
		7398CF0E1DD6F0DD00C0A1D8 /* DouYuTV.app */ = {isa = PBXFileReference; explicitFileType = wrapper.application; includeInIndex = 0; path = DouYuTV.app; sourceTree = BUILT_PRODUCTS_DIR; };
		7398CF111DD6F0DD00C0A1D8 /* AppDelegate.swift */ = {isa = PBXFileReference; lastKnownFileType = sourcecode.swift; path = AppDelegate.swift; sourceTree = "<group>"; };
		7398CF161DD6F0DD00C0A1D8 /* Base */ = {isa = PBXFileReference; lastKnownFileType = file.storyboard; name = Base; path = Base.lproj/Main.storyboard; sourceTree = "<group>"; };
		7398CF181DD6F0DD00C0A1D8 /* Assets.xcassets */ = {isa = PBXFileReference; lastKnownFileType = folder.assetcatalog; path = Assets.xcassets; sourceTree = "<group>"; };
		7398CF1B1DD6F0DD00C0A1D8 /* Base */ = {isa = PBXFileReference; lastKnownFileType = file.storyboard; name = Base; path = Base.lproj/LaunchScreen.storyboard; sourceTree = "<group>"; };
		7398CF1D1DD6F0DD00C0A1D8 /* Info.plist */ = {isa = PBXFileReference; lastKnownFileType = text.plist.xml; path = Info.plist; sourceTree = "<group>"; };
		7398CF221DD6F0DD00C0A1D8 /* DouYuTVTests.xctest */ = {isa = PBXFileReference; explicitFileType = wrapper.cfbundle; includeInIndex = 0; path = DouYuTVTests.xctest; sourceTree = BUILT_PRODUCTS_DIR; };
		7398CF261DD6F0DD00C0A1D8 /* DouYuTVTests.swift */ = {isa = PBXFileReference; lastKnownFileType = sourcecode.swift; path = DouYuTVTests.swift; sourceTree = "<group>"; };
		7398CF281DD6F0DD00C0A1D8 /* Info.plist */ = {isa = PBXFileReference; lastKnownFileType = text.plist.xml; path = Info.plist; sourceTree = "<group>"; };
		7398CF2D1DD6F0DD00C0A1D8 /* DouYuTVUITests.xctest */ = {isa = PBXFileReference; explicitFileType = wrapper.cfbundle; includeInIndex = 0; path = DouYuTVUITests.xctest; sourceTree = BUILT_PRODUCTS_DIR; };
		7398CF311DD6F0DD00C0A1D8 /* DouYuTVUITests.swift */ = {isa = PBXFileReference; lastKnownFileType = sourcecode.swift; path = DouYuTVUITests.swift; sourceTree = "<group>"; };
		7398CF331DD6F0DD00C0A1D8 /* Info.plist */ = {isa = PBXFileReference; lastKnownFileType = text.plist.xml; path = Info.plist; sourceTree = "<group>"; };
		739A59801DD70E490048A050 /* Common.swift */ = {isa = PBXFileReference; fileEncoding = 4; lastKnownFileType = sourcecode.swift; path = Common.swift; sourceTree = "<group>"; };
		73C6ED821DDFD325004F9212 /* GameViewController.swift */ = {isa = PBXFileReference; fileEncoding = 4; lastKnownFileType = sourcecode.swift; path = GameViewController.swift; sourceTree = "<group>"; };
		73C6ED841DDFD87E004F9212 /* GameViewModel.swift */ = {isa = PBXFileReference; fileEncoding = 4; lastKnownFileType = sourcecode.swift; path = GameViewModel.swift; sourceTree = "<group>"; };
		73C6ED861DDFDA10004F9212 /* GameModel.swift */ = {isa = PBXFileReference; fileEncoding = 4; lastKnownFileType = sourcecode.swift; path = GameModel.swift; sourceTree = "<group>"; };
		73C6ED881DDFDB81004F9212 /* BaseGameModel.swift */ = {isa = PBXFileReference; fileEncoding = 4; lastKnownFileType = sourcecode.swift; path = BaseGameModel.swift; sourceTree = "<group>"; };
		73C6ED8A1DDFEF67004F9212 /* AmuseViewController.swift */ = {isa = PBXFileReference; fileEncoding = 4; lastKnownFileType = sourcecode.swift; path = AmuseViewController.swift; sourceTree = "<group>"; };
		73C8BDC51DDE007100FA1E3B /* LICENSE */ = {isa = PBXFileReference; fileEncoding = 4; lastKnownFileType = text; path = LICENSE; sourceTree = "<group>"; };
		73C8BDC61DDE007100FA1E3B /* README.md */ = {isa = PBXFileReference; fileEncoding = 4; lastKnownFileType = net.daringfireball.markdown; path = README.md; sourceTree = "<group>"; };
		73C8BDC81DDE007100FA1E3B /* AnimatedImageView.swift */ = {isa = PBXFileReference; fileEncoding = 4; lastKnownFileType = sourcecode.swift; path = AnimatedImageView.swift; sourceTree = "<group>"; };
		73C8BDC91DDE007100FA1E3B /* Box.swift */ = {isa = PBXFileReference; fileEncoding = 4; lastKnownFileType = sourcecode.swift; path = Box.swift; sourceTree = "<group>"; };
		73C8BDCA1DDE007100FA1E3B /* CacheSerializer.swift */ = {isa = PBXFileReference; fileEncoding = 4; lastKnownFileType = sourcecode.swift; path = CacheSerializer.swift; sourceTree = "<group>"; };
		73C8BDCB1DDE007100FA1E3B /* Filter.swift */ = {isa = PBXFileReference; fileEncoding = 4; lastKnownFileType = sourcecode.swift; path = Filter.swift; sourceTree = "<group>"; };
		73C8BDCC1DDE007100FA1E3B /* Image.swift */ = {isa = PBXFileReference; fileEncoding = 4; lastKnownFileType = sourcecode.swift; path = Image.swift; sourceTree = "<group>"; };
		73C8BDCD1DDE007100FA1E3B /* ImageCache.swift */ = {isa = PBXFileReference; fileEncoding = 4; lastKnownFileType = sourcecode.swift; path = ImageCache.swift; sourceTree = "<group>"; };
		73C8BDCE1DDE007100FA1E3B /* ImageDownloader.swift */ = {isa = PBXFileReference; fileEncoding = 4; lastKnownFileType = sourcecode.swift; path = ImageDownloader.swift; sourceTree = "<group>"; };
		73C8BDCF1DDE007100FA1E3B /* ImagePrefetcher.swift */ = {isa = PBXFileReference; fileEncoding = 4; lastKnownFileType = sourcecode.swift; path = ImagePrefetcher.swift; sourceTree = "<group>"; };
		73C8BDD01DDE007100FA1E3B /* ImageProcessor.swift */ = {isa = PBXFileReference; fileEncoding = 4; lastKnownFileType = sourcecode.swift; path = ImageProcessor.swift; sourceTree = "<group>"; };
		73C8BDD11DDE007100FA1E3B /* ImageTransition.swift */ = {isa = PBXFileReference; fileEncoding = 4; lastKnownFileType = sourcecode.swift; path = ImageTransition.swift; sourceTree = "<group>"; };
		73C8BDD21DDE007100FA1E3B /* ImageView+Kingfisher.swift */ = {isa = PBXFileReference; fileEncoding = 4; lastKnownFileType = sourcecode.swift; path = "ImageView+Kingfisher.swift"; sourceTree = "<group>"; };
		73C8BDD31DDE007100FA1E3B /* Indicator.swift */ = {isa = PBXFileReference; fileEncoding = 4; lastKnownFileType = sourcecode.swift; path = Indicator.swift; sourceTree = "<group>"; };
		73C8BDD41DDE007100FA1E3B /* Kingfisher.h */ = {isa = PBXFileReference; fileEncoding = 4; lastKnownFileType = sourcecode.c.h; path = Kingfisher.h; sourceTree = "<group>"; };
		73C8BDD51DDE007100FA1E3B /* Kingfisher.swift */ = {isa = PBXFileReference; fileEncoding = 4; lastKnownFileType = sourcecode.swift; path = Kingfisher.swift; sourceTree = "<group>"; };
		73C8BDD61DDE007100FA1E3B /* KingfisherManager.swift */ = {isa = PBXFileReference; fileEncoding = 4; lastKnownFileType = sourcecode.swift; path = KingfisherManager.swift; sourceTree = "<group>"; };
		73C8BDD71DDE007100FA1E3B /* KingfisherOptionsInfo.swift */ = {isa = PBXFileReference; fileEncoding = 4; lastKnownFileType = sourcecode.swift; path = KingfisherOptionsInfo.swift; sourceTree = "<group>"; };
		73C8BDD81DDE007100FA1E3B /* RequrstModifier.swift */ = {isa = PBXFileReference; fileEncoding = 4; lastKnownFileType = sourcecode.swift; path = RequrstModifier.swift; sourceTree = "<group>"; };
		73C8BDD91DDE007100FA1E3B /* Resource.swift */ = {isa = PBXFileReference; fileEncoding = 4; lastKnownFileType = sourcecode.swift; path = Resource.swift; sourceTree = "<group>"; };
		73C8BDDA1DDE007100FA1E3B /* String+MD5.swift */ = {isa = PBXFileReference; fileEncoding = 4; lastKnownFileType = sourcecode.swift; path = "String+MD5.swift"; sourceTree = "<group>"; };
		73C8BDDB1DDE007100FA1E3B /* ThreadHelper.swift */ = {isa = PBXFileReference; fileEncoding = 4; lastKnownFileType = sourcecode.swift; path = ThreadHelper.swift; sourceTree = "<group>"; };
		73C8BDDC1DDE007100FA1E3B /* UIButton+Kingfisher.swift */ = {isa = PBXFileReference; fileEncoding = 4; lastKnownFileType = sourcecode.swift; path = "UIButton+Kingfisher.swift"; sourceTree = "<group>"; };
		73C8BDF31DDE042C00FA1E3B /* CollectionBaseCell.swift */ = {isa = PBXFileReference; fileEncoding = 4; lastKnownFileType = sourcecode.swift; path = CollectionBaseCell.swift; sourceTree = "<group>"; };
		73D28D941DDF359F004E3C3C /* RecommendGameView.swift */ = {isa = PBXFileReference; fileEncoding = 4; lastKnownFileType = sourcecode.swift; path = RecommendGameView.swift; sourceTree = "<group>"; };
		73D28D961DDF35B5004E3C3C /* RecommendGameView.xib */ = {isa = PBXFileReference; fileEncoding = 4; lastKnownFileType = file.xib; path = RecommendGameView.xib; sourceTree = "<group>"; };
		73D28D981DDF40EF004E3C3C /* CollectionGameCell.swift */ = {isa = PBXFileReference; fileEncoding = 4; lastKnownFileType = sourcecode.swift; path = CollectionGameCell.swift; sourceTree = "<group>"; };
		73D28D991DDF40EF004E3C3C /* CollectionGameCell.xib */ = {isa = PBXFileReference; fileEncoding = 4; lastKnownFileType = file.xib; path = CollectionGameCell.xib; sourceTree = "<group>"; };
		73D7BBE71DDD7A4F00F41364 /* NetworkTools.swift */ = {isa = PBXFileReference; fileEncoding = 4; lastKnownFileType = sourcecode.swift; path = NetworkTools.swift; sourceTree = "<group>"; };
		73E686B21DD9A6FA00E24312 /* RecommendViewController.swift */ = {isa = PBXFileReference; fileEncoding = 4; lastKnownFileType = sourcecode.swift; path = RecommendViewController.swift; sourceTree = "<group>"; };
		73E686B41DD9B08700E24312 /* CollectionHeaderView.swift */ = {isa = PBXFileReference; fileEncoding = 4; lastKnownFileType = sourcecode.swift; path = CollectionHeaderView.swift; sourceTree = "<group>"; };
		73E686B51DD9B08700E24312 /* CollectionHeaderView.xib */ = {isa = PBXFileReference; fileEncoding = 4; lastKnownFileType = file.xib; path = CollectionHeaderView.xib; sourceTree = "<group>"; };
		73E686B81DD9B44300E24312 /* CollectionNormalCell.swift */ = {isa = PBXFileReference; fileEncoding = 4; lastKnownFileType = sourcecode.swift; path = CollectionNormalCell.swift; sourceTree = "<group>"; };
		73E686B91DD9B44300E24312 /* CollectionNormalCell.xib */ = {isa = PBXFileReference; fileEncoding = 4; lastKnownFileType = file.xib; path = CollectionNormalCell.xib; sourceTree = "<group>"; };
		73E686BC1DD9F08800E24312 /* CollectionPrettyCell.swift */ = {isa = PBXFileReference; fileEncoding = 4; lastKnownFileType = sourcecode.swift; path = CollectionPrettyCell.swift; sourceTree = "<group>"; };
		73E686BD1DD9F08800E24312 /* CollectionPrettyCell.xib */ = {isa = PBXFileReference; fileEncoding = 4; lastKnownFileType = file.xib; path = CollectionPrettyCell.xib; sourceTree = "<group>"; };
		FE5EE554E444E1FB563D057B /* Pods_DouYuTV.framework */ = {isa = PBXFileReference; explicitFileType = wrapper.framework; includeInIndex = 0; path = Pods_DouYuTV.framework; sourceTree = BUILT_PRODUCTS_DIR; };
/* End PBXFileReference section */

/* Begin PBXFrameworksBuildPhase section */
		7398CF0B1DD6F0DD00C0A1D8 /* Frameworks */ = {
			isa = PBXFrameworksBuildPhase;
			buildActionMask = 2147483647;
			files = (
				56A3DBDADD30B2041786D4D1 /* Pods_DouYuTV.framework in Frameworks */,
			);
			runOnlyForDeploymentPostprocessing = 0;
		};
		7398CF1F1DD6F0DD00C0A1D8 /* Frameworks */ = {
			isa = PBXFrameworksBuildPhase;
			buildActionMask = 2147483647;
			files = (
			);
			runOnlyForDeploymentPostprocessing = 0;
		};
		7398CF2A1DD6F0DD00C0A1D8 /* Frameworks */ = {
			isa = PBXFrameworksBuildPhase;
			buildActionMask = 2147483647;
			files = (
			);
			runOnlyForDeploymentPostprocessing = 0;
		};
/* End PBXFrameworksBuildPhase section */

/* Begin PBXGroup section */
		733897221DD6FC1900573041 /* Controller */ = {
			isa = PBXGroup;
			children = (
				733897121DD6F7BA00573041 /* Home.storyboard */,
				7338972A1DD6FC8700573041 /* HomeViewController.swift */,
				73E686B21DD9A6FA00E24312 /* RecommendViewController.swift */,
				73C6ED821DDFD325004F9212 /* GameViewController.swift */,
				73C6ED8A1DDFEF67004F9212 /* AmuseViewController.swift */,
			);
			path = Controller;
			sourceTree = "<group>";
		};
		733897231DD6FC1900573041 /* Model */ = {
			isa = PBXGroup;
			children = (
				7322A5161DDE9E4000C70DEB /* CycleModel.swift */,
				73C6ED861DDFDA10004F9212 /* GameModel.swift */,
			);
			path = Model;
			sourceTree = "<group>";
		};
		733897241DD6FC1900573041 /* View */ = {
			isa = PBXGroup;
			children = (
				73E686B41DD9B08700E24312 /* CollectionHeaderView.swift */,
				73E686B51DD9B08700E24312 /* CollectionHeaderView.xib */,
				7322A5121DDE8E2800C70DEB /* RecommendCycleView.swift */,
				7322A5141DDE8E5900C70DEB /* RecommendCycleView.xib */,
				7322A5181DDEA1D100C70DEB /* CollectionCycleCell.swift */,
				7322A5191DDEA1D100C70DEB /* CollectionCycleCell.xib */,
				73D28D941DDF359F004E3C3C /* RecommendGameView.swift */,
				73D28D961DDF35B5004E3C3C /* RecommendGameView.xib */,
				73D28D981DDF40EF004E3C3C /* CollectionGameCell.swift */,
				73D28D991DDF40EF004E3C3C /* CollectionGameCell.xib */,
			);
			path = View;
			sourceTree = "<group>";
		};
		733897251DD6FC2B00573041 /* Controller */ = {
			isa = PBXGroup;
			children = (
				7398CF151DD6F0DD00C0A1D8 /* Main.storyboard */,
				733897261DD6FC2B00573041 /* MainViewController.swift */,
			);
			path = Controller;
			sourceTree = "<group>";
		};
		733897271DD6FC2B00573041 /* Model */ = {
			isa = PBXGroup;
			children = (
				738A42BF1DDDA005003DC81A /* AnchorGroup.swift */,
				738A42C11DDDA1C3003DC81A /* AnchorModel.swift */,
				73C6ED881DDFDB81004F9212 /* BaseGameModel.swift */,
			);
			path = Model;
			sourceTree = "<group>";
		};
		733897281DD6FC2B00573041 /* View */ = {
			isa = PBXGroup;
			children = (
				7338972F1DD70BAA00573041 /* PageTitleView.swift */,
				738BDD6D1DD949C20079E9AE /* PageContentView.swift */,
				73E686B81DD9B44300E24312 /* CollectionNormalCell.swift */,
				73E686B91DD9B44300E24312 /* CollectionNormalCell.xib */,
				73E686BC1DD9F08800E24312 /* CollectionPrettyCell.swift */,
				73E686BD1DD9F08800E24312 /* CollectionPrettyCell.xib */,
				73C8BDF31DDE042C00FA1E3B /* CollectionBaseCell.swift */,
			);
			path = View;
			sourceTree = "<group>";
		};
		7338972C1DD7041700573041 /* Extension */ = {
			isa = PBXGroup;
			children = (
				7338972D1DD7044D00573041 /* UIBarButtonItem-Extension.swift */,
				738BDD6F1DD94E030079E9AE /* UIColor-Extension.swift */,
				738A42BD1DDD9D65003DC81A /* NSDate-Extension.swift */,
			);
			path = Extension;
			sourceTree = "<group>";
		};
		738A42BA1DDD9A12003DC81A /* ViewModel */ = {
			isa = PBXGroup;
			children = (
				738A42BB1DDD9A3C003DC81A /* RecommendViewModel.swift */,
				73C6ED841DDFD87E004F9212 /* GameViewModel.swift */,
				7387AA4A1DDFF4940086517B /* AmuseViewModel.swift */,
			);
			path = ViewModel;
			sourceTree = "<group>";
		};
		7398CF051DD6F0DD00C0A1D8 = {
			isa = PBXGroup;
			children = (
				7398CF101DD6F0DD00C0A1D8 /* DouYuTV */,
				7398CF251DD6F0DD00C0A1D8 /* DouYuTVTests */,
				7398CF301DD6F0DD00C0A1D8 /* DouYuTVUITests */,
				7398CF0F1DD6F0DD00C0A1D8 /* Products */,
				AB0417D25E95EFE5442188DC /* Pods */,
				CC8ADB254944477CAACCF731 /* Frameworks */,
			);
			sourceTree = "<group>";
		};
		7398CF0F1DD6F0DD00C0A1D8 /* Products */ = {
			isa = PBXGroup;
			children = (
				7398CF0E1DD6F0DD00C0A1D8 /* DouYuTV.app */,
				7398CF221DD6F0DD00C0A1D8 /* DouYuTVTests.xctest */,
				7398CF2D1DD6F0DD00C0A1D8 /* DouYuTVUITests.xctest */,
			);
			name = Products;
			sourceTree = "<group>";
		};
		7398CF101DD6F0DD00C0A1D8 /* DouYuTV */ = {
			isa = PBXGroup;
			children = (
				73C8BDC31DDE005400FA1E3B /* lib */,
				7398CF3F1DD6F10400C0A1D8 /* Classes */,
				7398CF111DD6F0DD00C0A1D8 /* AppDelegate.swift */,
				7398CF181DD6F0DD00C0A1D8 /* Assets.xcassets */,
				7398CF1A1DD6F0DD00C0A1D8 /* LaunchScreen.storyboard */,
				7398CF1D1DD6F0DD00C0A1D8 /* Info.plist */,
			);
			path = DouYuTV;
			sourceTree = "<group>";
		};
		7398CF251DD6F0DD00C0A1D8 /* DouYuTVTests */ = {
			isa = PBXGroup;
			children = (
				7398CF261DD6F0DD00C0A1D8 /* DouYuTVTests.swift */,
				7398CF281DD6F0DD00C0A1D8 /* Info.plist */,
			);
			path = DouYuTVTests;
			sourceTree = "<group>";
		};
		7398CF301DD6F0DD00C0A1D8 /* DouYuTVUITests */ = {
			isa = PBXGroup;
			children = (
				7398CF311DD6F0DD00C0A1D8 /* DouYuTVUITests.swift */,
				7398CF331DD6F0DD00C0A1D8 /* Info.plist */,
			);
			path = DouYuTVUITests;
			sourceTree = "<group>";
		};
		7398CF3F1DD6F10400C0A1D8 /* Classes */ = {
			isa = PBXGroup;
			children = (
				7398CF451DD6F10400C0A1D8 /* Main */,
				7398CF411DD6F10400C0A1D8 /* Home */,
				7398CF431DD6F10400C0A1D8 /* Live */,
				7398CF401DD6F10400C0A1D8 /* Follow */,
				7398CF4B1DD6F10400C0A1D8 /* Profile */,
				7398CF4C1DD6F10400C0A1D8 /* Tools */,
			);
			path = Classes;
			sourceTree = "<group>";
		};
		7398CF401DD6F10400C0A1D8 /* Follow */ = {
			isa = PBXGroup;
			children = (
				733897181DD6F7F200573041 /* Follow.storyboard */,
			);
			path = Follow;
			sourceTree = "<group>";
		};
		7398CF411DD6F10400C0A1D8 /* Home */ = {
			isa = PBXGroup;
			children = (
				738A42BA1DDD9A12003DC81A /* ViewModel */,
				733897231DD6FC1900573041 /* Model */,
				733897241DD6FC1900573041 /* View */,
				733897221DD6FC1900573041 /* Controller */,
			);
			path = Home;
			sourceTree = "<group>";
		};
		7398CF431DD6F10400C0A1D8 /* Live */ = {
			isa = PBXGroup;
			children = (
				733897151DD6F7D200573041 /* Live.storyboard */,
			);
			path = Live;
			sourceTree = "<group>";
		};
		7398CF451DD6F10400C0A1D8 /* Main */ = {
			isa = PBXGroup;
			children = (
				733897271DD6FC2B00573041 /* Model */,
				733897281DD6FC2B00573041 /* View */,
				733897251DD6FC2B00573041 /* Controller */,
			);
			path = Main;
			sourceTree = "<group>";
		};
		7398CF4B1DD6F10400C0A1D8 /* Profile */ = {
			isa = PBXGroup;
			children = (
				7338971B1DD6F80600573041 /* Profile.storyboard */,
			);
			path = Profile;
			sourceTree = "<group>";
		};
		7398CF4C1DD6F10400C0A1D8 /* Tools */ = {
			isa = PBXGroup;
			children = (
				7338972C1DD7041700573041 /* Extension */,
				739A59801DD70E490048A050 /* Common.swift */,
				73D7BBE71DDD7A4F00F41364 /* NetworkTools.swift */,
			);
			path = Tools;
			sourceTree = "<group>";
		};
		73C8BDC31DDE005400FA1E3B /* lib */ = {
			isa = PBXGroup;
			children = (
				73C8BDC41DDE007100FA1E3B /* Kingfisher */,
			);
			path = lib;
			sourceTree = "<group>";
		};
		73C8BDC41DDE007100FA1E3B /* Kingfisher */ = {
			isa = PBXGroup;
			children = (
				73C8BDC51DDE007100FA1E3B /* LICENSE */,
				73C8BDC61DDE007100FA1E3B /* README.md */,
				73C8BDC71DDE007100FA1E3B /* Sources */,
			);
			path = Kingfisher;
			sourceTree = "<group>";
		};
		73C8BDC71DDE007100FA1E3B /* Sources */ = {
			isa = PBXGroup;
			children = (
				73C8BDC81DDE007100FA1E3B /* AnimatedImageView.swift */,
				73C8BDC91DDE007100FA1E3B /* Box.swift */,
				73C8BDCA1DDE007100FA1E3B /* CacheSerializer.swift */,
				73C8BDCB1DDE007100FA1E3B /* Filter.swift */,
				73C8BDCC1DDE007100FA1E3B /* Image.swift */,
				73C8BDCD1DDE007100FA1E3B /* ImageCache.swift */,
				73C8BDCE1DDE007100FA1E3B /* ImageDownloader.swift */,
				73C8BDCF1DDE007100FA1E3B /* ImagePrefetcher.swift */,
				73C8BDD01DDE007100FA1E3B /* ImageProcessor.swift */,
				73C8BDD11DDE007100FA1E3B /* ImageTransition.swift */,
				73C8BDD21DDE007100FA1E3B /* ImageView+Kingfisher.swift */,
				73C8BDD31DDE007100FA1E3B /* Indicator.swift */,
				73C8BDD41DDE007100FA1E3B /* Kingfisher.h */,
				73C8BDD51DDE007100FA1E3B /* Kingfisher.swift */,
				73C8BDD61DDE007100FA1E3B /* KingfisherManager.swift */,
				73C8BDD71DDE007100FA1E3B /* KingfisherOptionsInfo.swift */,
				73C8BDD81DDE007100FA1E3B /* RequrstModifier.swift */,
				73C8BDD91DDE007100FA1E3B /* Resource.swift */,
				73C8BDDA1DDE007100FA1E3B /* String+MD5.swift */,
				73C8BDDB1DDE007100FA1E3B /* ThreadHelper.swift */,
				73C8BDDC1DDE007100FA1E3B /* UIButton+Kingfisher.swift */,
			);
			path = Sources;
			sourceTree = "<group>";
		};
		AB0417D25E95EFE5442188DC /* Pods */ = {
			isa = PBXGroup;
			children = (
				63A90F12BEC0449BDE219A64 /* Pods-DouYuTV.debug.xcconfig */,
				517BEFD6A6036AE26F85F868 /* Pods-DouYuTV.release.xcconfig */,
			);
			name = Pods;
			sourceTree = "<group>";
		};
		CC8ADB254944477CAACCF731 /* Frameworks */ = {
			isa = PBXGroup;
			children = (
				FE5EE554E444E1FB563D057B /* Pods_DouYuTV.framework */,
			);
			name = Frameworks;
			sourceTree = "<group>";
		};
/* End PBXGroup section */

/* Begin PBXNativeTarget section */
		7398CF0D1DD6F0DD00C0A1D8 /* DouYuTV */ = {
			isa = PBXNativeTarget;
			buildConfigurationList = 7398CF361DD6F0DD00C0A1D8 /* Build configuration list for PBXNativeTarget "DouYuTV" */;
			buildPhases = (
				DAEC04BE3EBD76800D659481 /* [CP] Check Pods Manifest.lock */,
				7398CF0A1DD6F0DD00C0A1D8 /* Sources */,
				7398CF0B1DD6F0DD00C0A1D8 /* Frameworks */,
				7398CF0C1DD6F0DD00C0A1D8 /* Resources */,
				201507954AC4B485F72E6BE2 /* [CP] Embed Pods Frameworks */,
				FE6DF50551B73684EA88D9F9 /* [CP] Copy Pods Resources */,
			);
			buildRules = (
			);
			dependencies = (
			);
			name = DouYuTV;
			productName = DouYuTV;
			productReference = 7398CF0E1DD6F0DD00C0A1D8 /* DouYuTV.app */;
			productType = "com.apple.product-type.application";
		};
		7398CF211DD6F0DD00C0A1D8 /* DouYuTVTests */ = {
			isa = PBXNativeTarget;
			buildConfigurationList = 7398CF391DD6F0DD00C0A1D8 /* Build configuration list for PBXNativeTarget "DouYuTVTests" */;
			buildPhases = (
				7398CF1E1DD6F0DD00C0A1D8 /* Sources */,
				7398CF1F1DD6F0DD00C0A1D8 /* Frameworks */,
				7398CF201DD6F0DD00C0A1D8 /* Resources */,
			);
			buildRules = (
			);
			dependencies = (
				7398CF241DD6F0DD00C0A1D8 /* PBXTargetDependency */,
			);
			name = DouYuTVTests;
			productName = DouYuTVTests;
			productReference = 7398CF221DD6F0DD00C0A1D8 /* DouYuTVTests.xctest */;
			productType = "com.apple.product-type.bundle.unit-test";
		};
		7398CF2C1DD6F0DD00C0A1D8 /* DouYuTVUITests */ = {
			isa = PBXNativeTarget;
			buildConfigurationList = 7398CF3C1DD6F0DD00C0A1D8 /* Build configuration list for PBXNativeTarget "DouYuTVUITests" */;
			buildPhases = (
				7398CF291DD6F0DD00C0A1D8 /* Sources */,
				7398CF2A1DD6F0DD00C0A1D8 /* Frameworks */,
				7398CF2B1DD6F0DD00C0A1D8 /* Resources */,
			);
			buildRules = (
			);
			dependencies = (
				7398CF2F1DD6F0DD00C0A1D8 /* PBXTargetDependency */,
			);
			name = DouYuTVUITests;
			productName = DouYuTVUITests;
			productReference = 7398CF2D1DD6F0DD00C0A1D8 /* DouYuTVUITests.xctest */;
			productType = "com.apple.product-type.bundle.ui-testing";
		};
/* End PBXNativeTarget section */

/* Begin PBXProject section */
		7398CF061DD6F0DD00C0A1D8 /* Project object */ = {
			isa = PBXProject;
			attributes = {
				LastSwiftUpdateCheck = 0810;
				LastUpgradeCheck = 0810;
				ORGANIZATIONNAME = GG;
				TargetAttributes = {
					7398CF0D1DD6F0DD00C0A1D8 = {
						CreatedOnToolsVersion = 8.1;
						DevelopmentTeam = STATF887EN;
						ProvisioningStyle = Automatic;
					};
					7398CF211DD6F0DD00C0A1D8 = {
						CreatedOnToolsVersion = 8.1;
						ProvisioningStyle = Automatic;
						TestTargetID = 7398CF0D1DD6F0DD00C0A1D8;
					};
					7398CF2C1DD6F0DD00C0A1D8 = {
						CreatedOnToolsVersion = 8.1;
						ProvisioningStyle = Automatic;
						TestTargetID = 7398CF0D1DD6F0DD00C0A1D8;
					};
				};
			};
			buildConfigurationList = 7398CF091DD6F0DD00C0A1D8 /* Build configuration list for PBXProject "DouYuTV" */;
			compatibilityVersion = "Xcode 3.2";
			developmentRegion = English;
			hasScannedForEncodings = 0;
			knownRegions = (
				en,
				Base,
			);
			mainGroup = 7398CF051DD6F0DD00C0A1D8;
			productRefGroup = 7398CF0F1DD6F0DD00C0A1D8 /* Products */;
			projectDirPath = "";
			projectRoot = "";
			targets = (
				7398CF0D1DD6F0DD00C0A1D8 /* DouYuTV */,
				7398CF211DD6F0DD00C0A1D8 /* DouYuTVTests */,
				7398CF2C1DD6F0DD00C0A1D8 /* DouYuTVUITests */,
			);
		};
/* End PBXProject section */

/* Begin PBXResourcesBuildPhase section */
		7398CF0C1DD6F0DD00C0A1D8 /* Resources */ = {
			isa = PBXResourcesBuildPhase;
			buildActionMask = 2147483647;
			files = (
				7398CF1C1DD6F0DD00C0A1D8 /* LaunchScreen.storyboard in Resources */,
				73E686B71DD9B08700E24312 /* CollectionHeaderView.xib in Resources */,
				73D28D9B1DDF40EF004E3C3C /* CollectionGameCell.xib in Resources */,
				73E686BB1DD9B44300E24312 /* CollectionNormalCell.xib in Resources */,
				7398CF191DD6F0DD00C0A1D8 /* Assets.xcassets in Resources */,
				7398CF171DD6F0DD00C0A1D8 /* Main.storyboard in Resources */,
				73D28D971DDF35B5004E3C3C /* RecommendGameView.xib in Resources */,
				73C8BDDD1DDE007100FA1E3B /* LICENSE in Resources */,
				733897171DD6F7D200573041 /* Live.storyboard in Resources */,
				733897141DD6F7BA00573041 /* Home.storyboard in Resources */,
				7322A5151DDE8E5900C70DEB /* RecommendCycleView.xib in Resources */,
				73E686BF1DD9F08800E24312 /* CollectionPrettyCell.xib in Resources */,
				7322A51B1DDEA1D100C70DEB /* CollectionCycleCell.xib in Resources */,
				7338971D1DD6F80600573041 /* Profile.storyboard in Resources */,
				7338971A1DD6F7F200573041 /* Follow.storyboard in Resources */,
			);
			runOnlyForDeploymentPostprocessing = 0;
		};
		7398CF201DD6F0DD00C0A1D8 /* Resources */ = {
			isa = PBXResourcesBuildPhase;
			buildActionMask = 2147483647;
			files = (
			);
			runOnlyForDeploymentPostprocessing = 0;
		};
		7398CF2B1DD6F0DD00C0A1D8 /* Resources */ = {
			isa = PBXResourcesBuildPhase;
			buildActionMask = 2147483647;
			files = (
			);
			runOnlyForDeploymentPostprocessing = 0;
		};
/* End PBXResourcesBuildPhase section */

/* Begin PBXShellScriptBuildPhase section */
		201507954AC4B485F72E6BE2 /* [CP] Embed Pods Frameworks */ = {
			isa = PBXShellScriptBuildPhase;
			buildActionMask = 2147483647;
			files = (
			);
			inputPaths = (
			);
			name = "[CP] Embed Pods Frameworks";
			outputPaths = (
			);
			runOnlyForDeploymentPostprocessing = 0;
			shellPath = /bin/sh;
			shellScript = "\"${SRCROOT}/Pods/Target Support Files/Pods-DouYuTV/Pods-DouYuTV-frameworks.sh\"\n";
			showEnvVarsInLog = 0;
		};
		DAEC04BE3EBD76800D659481 /* [CP] Check Pods Manifest.lock */ = {
			isa = PBXShellScriptBuildPhase;
			buildActionMask = 2147483647;
			files = (
			);
			inputPaths = (
			);
			name = "[CP] Check Pods Manifest.lock";
			outputPaths = (
			);
			runOnlyForDeploymentPostprocessing = 0;
			shellPath = /bin/sh;
			shellScript = "diff \"${PODS_ROOT}/../Podfile.lock\" \"${PODS_ROOT}/Manifest.lock\" > /dev/null\nif [[ $? != 0 ]] ; then\n    cat << EOM\nerror: The sandbox is not in sync with the Podfile.lock. Run 'pod install' or update your CocoaPods installation.\nEOM\n    exit 1\nfi\n";
			showEnvVarsInLog = 0;
		};
		FE6DF50551B73684EA88D9F9 /* [CP] Copy Pods Resources */ = {
			isa = PBXShellScriptBuildPhase;
			buildActionMask = 2147483647;
			files = (
			);
			inputPaths = (
			);
			name = "[CP] Copy Pods Resources";
			outputPaths = (
			);
			runOnlyForDeploymentPostprocessing = 0;
			shellPath = /bin/sh;
			shellScript = "\"${SRCROOT}/Pods/Target Support Files/Pods-DouYuTV/Pods-DouYuTV-resources.sh\"\n";
			showEnvVarsInLog = 0;
		};
/* End PBXShellScriptBuildPhase section */

/* Begin PBXSourcesBuildPhase section */
		7398CF0A1DD6F0DD00C0A1D8 /* Sources */ = {
			isa = PBXSourcesBuildPhase;
			buildActionMask = 2147483647;
			files = (
				7398CF121DD6F0DD00C0A1D8 /* AppDelegate.swift in Sources */,
				73C8BDEE1DDE007100FA1E3B /* RequrstModifier.swift in Sources */,
				73C8BDE71DDE007100FA1E3B /* ImageProcessor.swift in Sources */,
				73C8BDF01DDE007100FA1E3B /* String+MD5.swift in Sources */,
				73C8BDE11DDE007100FA1E3B /* CacheSerializer.swift in Sources */,
				73C8BDED1DDE007100FA1E3B /* KingfisherOptionsInfo.swift in Sources */,
				7387AA4B1DDFF4940086517B /* AmuseViewModel.swift in Sources */,
				73C8BDE91DDE007100FA1E3B /* ImageView+Kingfisher.swift in Sources */,
				73C8BDE31DDE007100FA1E3B /* Image.swift in Sources */,
				7322A51A1DDEA1D100C70DEB /* CollectionCycleCell.swift in Sources */,
				73E686B61DD9B08700E24312 /* CollectionHeaderView.swift in Sources */,
				738BDD701DD94E030079E9AE /* UIColor-Extension.swift in Sources */,
				73E686B31DD9A6FA00E24312 /* RecommendViewController.swift in Sources */,
				73C8BDDF1DDE007100FA1E3B /* AnimatedImageView.swift in Sources */,
				73C8BDF41DDE042C00FA1E3B /* CollectionBaseCell.swift in Sources */,
				738A42C01DDDA005003DC81A /* AnchorGroup.swift in Sources */,
				733897291DD6FC2B00573041 /* MainViewController.swift in Sources */,
				73C8BDEF1DDE007100FA1E3B /* Resource.swift in Sources */,
				7322A5131DDE8E2800C70DEB /* RecommendCycleView.swift in Sources */,
				73C8BDDE1DDE007100FA1E3B /* README.md in Sources */,
				733897301DD70BAA00573041 /* PageTitleView.swift in Sources */,
				73C8BDEA1DDE007100FA1E3B /* Indicator.swift in Sources */,
				73C6ED871DDFDA10004F9212 /* GameModel.swift in Sources */,
				7322A5171DDE9E4000C70DEB /* CycleModel.swift in Sources */,
				73C8BDE51DDE007100FA1E3B /* ImageDownloader.swift in Sources */,
				73C8BDF11DDE007100FA1E3B /* ThreadHelper.swift in Sources */,
				73C8BDE01DDE007100FA1E3B /* Box.swift in Sources */,
				73D28D951DDF359F004E3C3C /* RecommendGameView.swift in Sources */,
				738BDD6E1DD949C20079E9AE /* PageContentView.swift in Sources */,
				7338972E1DD7044D00573041 /* UIBarButtonItem-Extension.swift in Sources */,
				73C8BDE21DDE007100FA1E3B /* Filter.swift in Sources */,
				739A59811DD70E490048A050 /* Common.swift in Sources */,
				73C8BDEB1DDE007100FA1E3B /* Kingfisher.swift in Sources */,
				73E686BE1DD9F08800E24312 /* CollectionPrettyCell.swift in Sources */,
				73C6ED851DDFD87E004F9212 /* GameViewModel.swift in Sources */,
				738A42BE1DDD9D65003DC81A /* NSDate-Extension.swift in Sources */,
				73C6ED8B1DDFEF67004F9212 /* AmuseViewController.swift in Sources */,
				73C8BDEC1DDE007100FA1E3B /* KingfisherManager.swift in Sources */,
				73C6ED891DDFDB81004F9212 /* BaseGameModel.swift in Sources */,
				73C8BDE41DDE007100FA1E3B /* ImageCache.swift in Sources */,
				73E686BA1DD9B44300E24312 /* CollectionNormalCell.swift in Sources */,
				73C8BDE81DDE007100FA1E3B /* ImageTransition.swift in Sources */,
				73D28D9A1DDF40EF004E3C3C /* CollectionGameCell.swift in Sources */,
				73C8BDE61DDE007100FA1E3B /* ImagePrefetcher.swift in Sources */,
				73D7BBE81DDD7A4F00F41364 /* NetworkTools.swift in Sources */,
				73C6ED831DDFD325004F9212 /* GameViewController.swift in Sources */,
				7338972B1DD6FC8700573041 /* HomeViewController.swift in Sources */,
				73C8BDF21DDE007100FA1E3B /* UIButton+Kingfisher.swift in Sources */,
				738A42BC1DDD9A3C003DC81A /* RecommendViewModel.swift in Sources */,
				738A42C21DDDA1C3003DC81A /* AnchorModel.swift in Sources */,
			);
			runOnlyForDeploymentPostprocessing = 0;
		};
		7398CF1E1DD6F0DD00C0A1D8 /* Sources */ = {
			isa = PBXSourcesBuildPhase;
			buildActionMask = 2147483647;
			files = (
				7398CF271DD6F0DD00C0A1D8 /* DouYuTVTests.swift in Sources */,
			);
			runOnlyForDeploymentPostprocessing = 0;
		};
		7398CF291DD6F0DD00C0A1D8 /* Sources */ = {
			isa = PBXSourcesBuildPhase;
			buildActionMask = 2147483647;
			files = (
				7398CF321DD6F0DD00C0A1D8 /* DouYuTVUITests.swift in Sources */,
			);
			runOnlyForDeploymentPostprocessing = 0;
		};
/* End PBXSourcesBuildPhase section */

/* Begin PBXTargetDependency section */
		7398CF241DD6F0DD00C0A1D8 /* PBXTargetDependency */ = {
			isa = PBXTargetDependency;
			target = 7398CF0D1DD6F0DD00C0A1D8 /* DouYuTV */;
			targetProxy = 7398CF231DD6F0DD00C0A1D8 /* PBXContainerItemProxy */;
		};
		7398CF2F1DD6F0DD00C0A1D8 /* PBXTargetDependency */ = {
			isa = PBXTargetDependency;
			target = 7398CF0D1DD6F0DD00C0A1D8 /* DouYuTV */;
			targetProxy = 7398CF2E1DD6F0DD00C0A1D8 /* PBXContainerItemProxy */;
		};
/* End PBXTargetDependency section */

/* Begin PBXVariantGroup section */
		733897121DD6F7BA00573041 /* Home.storyboard */ = {
			isa = PBXVariantGroup;
			children = (
				733897131DD6F7BA00573041 /* Base */,
			);
			name = Home.storyboard;
			path = ../../Main;
			sourceTree = "<group>";
		};
		733897151DD6F7D200573041 /* Live.storyboard */ = {
			isa = PBXVariantGroup;
			children = (
				733897161DD6F7D200573041 /* Base */,
			);
			name = Live.storyboard;
			path = ../Main;
			sourceTree = "<group>";
		};
		733897181DD6F7F200573041 /* Follow.storyboard */ = {
			isa = PBXVariantGroup;
			children = (
				733897191DD6F7F200573041 /* Base */,
			);
			name = Follow.storyboard;
			path = ../Main;
			sourceTree = "<group>";
		};
		7338971B1DD6F80600573041 /* Profile.storyboard */ = {
			isa = PBXVariantGroup;
			children = (
				7338971C1DD6F80600573041 /* Base */,
			);
			name = Profile.storyboard;
			path = ../Main;
			sourceTree = "<group>";
		};
		7398CF151DD6F0DD00C0A1D8 /* Main.storyboard */ = {
			isa = PBXVariantGroup;
			children = (
				7398CF161DD6F0DD00C0A1D8 /* Base */,
			);
			name = Main.storyboard;
			path = ../../..;
			sourceTree = "<group>";
		};
		7398CF1A1DD6F0DD00C0A1D8 /* LaunchScreen.storyboard */ = {
			isa = PBXVariantGroup;
			children = (
				7398CF1B1DD6F0DD00C0A1D8 /* Base */,
			);
			name = LaunchScreen.storyboard;
			sourceTree = "<group>";
		};
/* End PBXVariantGroup section */

/* Begin XCBuildConfiguration section */
		7398CF341DD6F0DD00C0A1D8 /* Debug */ = {
			isa = XCBuildConfiguration;
			buildSettings = {
				ALWAYS_SEARCH_USER_PATHS = NO;
				CLANG_ANALYZER_NONNULL = YES;
				CLANG_CXX_LANGUAGE_STANDARD = "gnu++0x";
				CLANG_CXX_LIBRARY = "libc++";
				CLANG_ENABLE_MODULES = YES;
				CLANG_ENABLE_OBJC_ARC = YES;
				CLANG_WARN_BOOL_CONVERSION = YES;
				CLANG_WARN_CONSTANT_CONVERSION = YES;
				CLANG_WARN_DIRECT_OBJC_ISA_USAGE = YES_ERROR;
				CLANG_WARN_DOCUMENTATION_COMMENTS = YES;
				CLANG_WARN_EMPTY_BODY = YES;
				CLANG_WARN_ENUM_CONVERSION = YES;
				CLANG_WARN_INFINITE_RECURSION = YES;
				CLANG_WARN_INT_CONVERSION = YES;
				CLANG_WARN_OBJC_ROOT_CLASS = YES_ERROR;
				CLANG_WARN_SUSPICIOUS_MOVES = YES;
				CLANG_WARN_UNREACHABLE_CODE = YES;
				CLANG_WARN__DUPLICATE_METHOD_MATCH = YES;
				"CODE_SIGN_IDENTITY[sdk=iphoneos*]" = "iPhone Developer";
				COPY_PHASE_STRIP = NO;
				DEBUG_INFORMATION_FORMAT = dwarf;
				ENABLE_STRICT_OBJC_MSGSEND = YES;
				ENABLE_TESTABILITY = YES;
				GCC_C_LANGUAGE_STANDARD = gnu99;
				GCC_DYNAMIC_NO_PIC = NO;
				GCC_NO_COMMON_BLOCKS = YES;
				GCC_OPTIMIZATION_LEVEL = 0;
				GCC_PREPROCESSOR_DEFINITIONS = (
					"DEBUG=1",
					"$(inherited)",
				);
				GCC_WARN_64_TO_32_BIT_CONVERSION = YES;
				GCC_WARN_ABOUT_RETURN_TYPE = YES_ERROR;
				GCC_WARN_UNDECLARED_SELECTOR = YES;
				GCC_WARN_UNINITIALIZED_AUTOS = YES_AGGRESSIVE;
				GCC_WARN_UNUSED_FUNCTION = YES;
				GCC_WARN_UNUSED_VARIABLE = YES;
				IPHONEOS_DEPLOYMENT_TARGET = 10.1;
				MTL_ENABLE_DEBUG_INFO = YES;
				ONLY_ACTIVE_ARCH = YES;
				SDKROOT = iphoneos;
				SWIFT_ACTIVE_COMPILATION_CONDITIONS = DEBUG;
				SWIFT_OPTIMIZATION_LEVEL = "-Onone";
				TARGETED_DEVICE_FAMILY = "1,2";
			};
			name = Debug;
		};
		7398CF351DD6F0DD00C0A1D8 /* Release */ = {
			isa = XCBuildConfiguration;
			buildSettings = {
				ALWAYS_SEARCH_USER_PATHS = NO;
				CLANG_ANALYZER_NONNULL = YES;
				CLANG_CXX_LANGUAGE_STANDARD = "gnu++0x";
				CLANG_CXX_LIBRARY = "libc++";
				CLANG_ENABLE_MODULES = YES;
				CLANG_ENABLE_OBJC_ARC = YES;
				CLANG_WARN_BOOL_CONVERSION = YES;
				CLANG_WARN_CONSTANT_CONVERSION = YES;
				CLANG_WARN_DIRECT_OBJC_ISA_USAGE = YES_ERROR;
				CLANG_WARN_DOCUMENTATION_COMMENTS = YES;
				CLANG_WARN_EMPTY_BODY = YES;
				CLANG_WARN_ENUM_CONVERSION = YES;
				CLANG_WARN_INFINITE_RECURSION = YES;
				CLANG_WARN_INT_CONVERSION = YES;
				CLANG_WARN_OBJC_ROOT_CLASS = YES_ERROR;
				CLANG_WARN_SUSPICIOUS_MOVES = YES;
				CLANG_WARN_UNREACHABLE_CODE = YES;
				CLANG_WARN__DUPLICATE_METHOD_MATCH = YES;
				"CODE_SIGN_IDENTITY[sdk=iphoneos*]" = "iPhone Developer";
				COPY_PHASE_STRIP = NO;
				DEBUG_INFORMATION_FORMAT = "dwarf-with-dsym";
				ENABLE_NS_ASSERTIONS = NO;
				ENABLE_STRICT_OBJC_MSGSEND = YES;
				GCC_C_LANGUAGE_STANDARD = gnu99;
				GCC_NO_COMMON_BLOCKS = YES;
				GCC_WARN_64_TO_32_BIT_CONVERSION = YES;
				GCC_WARN_ABOUT_RETURN_TYPE = YES_ERROR;
				GCC_WARN_UNDECLARED_SELECTOR = YES;
				GCC_WARN_UNINITIALIZED_AUTOS = YES_AGGRESSIVE;
				GCC_WARN_UNUSED_FUNCTION = YES;
				GCC_WARN_UNUSED_VARIABLE = YES;
				IPHONEOS_DEPLOYMENT_TARGET = 10.1;
				MTL_ENABLE_DEBUG_INFO = NO;
				SDKROOT = iphoneos;
				SWIFT_OPTIMIZATION_LEVEL = "-Owholemodule";
				TARGETED_DEVICE_FAMILY = "1,2";
				VALIDATE_PRODUCT = YES;
			};
			name = Release;
		};
		7398CF371DD6F0DD00C0A1D8 /* Debug */ = {
			isa = XCBuildConfiguration;
			baseConfigurationReference = 63A90F12BEC0449BDE219A64 /* Pods-DouYuTV.debug.xcconfig */;
			buildSettings = {
				ASSETCATALOG_COMPILER_APPICON_NAME = AppIcon;
				ASSETCATALOG_COMPILER_LAUNCHIMAGE_NAME = "Brand Assets";
				DEVELOPMENT_TEAM = STATF887EN;
				INFOPLIST_FILE = DouYuTV/Info.plist;
				IPHONEOS_DEPLOYMENT_TARGET = 9.0;
				LD_RUNPATH_SEARCH_PATHS = "$(inherited) @executable_path/Frameworks";
				PRODUCT_BUNDLE_IDENTIFIER = Com.GG.DouYuTV;
				PRODUCT_NAME = "$(TARGET_NAME)";
				SWIFT_VERSION = 3.0;
			};
			name = Debug;
		};
		7398CF381DD6F0DD00C0A1D8 /* Release */ = {
			isa = XCBuildConfiguration;
			baseConfigurationReference = 517BEFD6A6036AE26F85F868 /* Pods-DouYuTV.release.xcconfig */;
			buildSettings = {
				ASSETCATALOG_COMPILER_APPICON_NAME = AppIcon;
				ASSETCATALOG_COMPILER_LAUNCHIMAGE_NAME = "Brand Assets";
				DEVELOPMENT_TEAM = STATF887EN;
				INFOPLIST_FILE = DouYuTV/Info.plist;
				IPHONEOS_DEPLOYMENT_TARGET = 9.0;
				LD_RUNPATH_SEARCH_PATHS = "$(inherited) @executable_path/Frameworks";
				PRODUCT_BUNDLE_IDENTIFIER = Com.GG.DouYuTV;
				PRODUCT_NAME = "$(TARGET_NAME)";
				SWIFT_VERSION = 3.0;
			};
			name = Release;
		};
		7398CF3A1DD6F0DD00C0A1D8 /* Debug */ = {
			isa = XCBuildConfiguration;
			buildSettings = {
				ALWAYS_EMBED_SWIFT_STANDARD_LIBRARIES = YES;
				BUNDLE_LOADER = "$(TEST_HOST)";
				INFOPLIST_FILE = DouYuTVTests/Info.plist;
				LD_RUNPATH_SEARCH_PATHS = "$(inherited) @executable_path/Frameworks @loader_path/Frameworks";
				PRODUCT_BUNDLE_IDENTIFIER = Com.GG.DouYuTVTests;
				PRODUCT_NAME = "$(TARGET_NAME)";
				SWIFT_VERSION = 3.0;
				TEST_HOST = "$(BUILT_PRODUCTS_DIR)/DouYuTV.app/DouYuTV";
			};
			name = Debug;
		};
		7398CF3B1DD6F0DD00C0A1D8 /* Release */ = {
			isa = XCBuildConfiguration;
			buildSettings = {
				ALWAYS_EMBED_SWIFT_STANDARD_LIBRARIES = YES;
				BUNDLE_LOADER = "$(TEST_HOST)";
				INFOPLIST_FILE = DouYuTVTests/Info.plist;
				LD_RUNPATH_SEARCH_PATHS = "$(inherited) @executable_path/Frameworks @loader_path/Frameworks";
				PRODUCT_BUNDLE_IDENTIFIER = Com.GG.DouYuTVTests;
				PRODUCT_NAME = "$(TARGET_NAME)";
				SWIFT_VERSION = 3.0;
				TEST_HOST = "$(BUILT_PRODUCTS_DIR)/DouYuTV.app/DouYuTV";
			};
			name = Release;
		};
		7398CF3D1DD6F0DD00C0A1D8 /* Debug */ = {
			isa = XCBuildConfiguration;
			buildSettings = {
				ALWAYS_EMBED_SWIFT_STANDARD_LIBRARIES = YES;
				INFOPLIST_FILE = DouYuTVUITests/Info.plist;
				LD_RUNPATH_SEARCH_PATHS = "$(inherited) @executable_path/Frameworks @loader_path/Frameworks";
				PRODUCT_BUNDLE_IDENTIFIER = Com.GG.DouYuTVUITests;
				PRODUCT_NAME = "$(TARGET_NAME)";
				SWIFT_VERSION = 3.0;
				TEST_TARGET_NAME = DouYuTV;
			};
			name = Debug;
		};
		7398CF3E1DD6F0DD00C0A1D8 /* Release */ = {
			isa = XCBuildConfiguration;
			buildSettings = {
				ALWAYS_EMBED_SWIFT_STANDARD_LIBRARIES = YES;
				INFOPLIST_FILE = DouYuTVUITests/Info.plist;
				LD_RUNPATH_SEARCH_PATHS = "$(inherited) @executable_path/Frameworks @loader_path/Frameworks";
				PRODUCT_BUNDLE_IDENTIFIER = Com.GG.DouYuTVUITests;
				PRODUCT_NAME = "$(TARGET_NAME)";
				SWIFT_VERSION = 3.0;
				TEST_TARGET_NAME = DouYuTV;
			};
			name = Release;
		};
/* End XCBuildConfiguration section */

/* Begin XCConfigurationList section */
		7398CF091DD6F0DD00C0A1D8 /* Build configuration list for PBXProject "DouYuTV" */ = {
			isa = XCConfigurationList;
			buildConfigurations = (
				7398CF341DD6F0DD00C0A1D8 /* Debug */,
				7398CF351DD6F0DD00C0A1D8 /* Release */,
			);
			defaultConfigurationIsVisible = 0;
			defaultConfigurationName = Release;
		};
		7398CF361DD6F0DD00C0A1D8 /* Build configuration list for PBXNativeTarget "DouYuTV" */ = {
			isa = XCConfigurationList;
			buildConfigurations = (
				7398CF371DD6F0DD00C0A1D8 /* Debug */,
				7398CF381DD6F0DD00C0A1D8 /* Release */,
			);
			defaultConfigurationIsVisible = 0;
			defaultConfigurationName = Release;
		};
		7398CF391DD6F0DD00C0A1D8 /* Build configuration list for PBXNativeTarget "DouYuTVTests" */ = {
			isa = XCConfigurationList;
			buildConfigurations = (
				7398CF3A1DD6F0DD00C0A1D8 /* Debug */,
				7398CF3B1DD6F0DD00C0A1D8 /* Release */,
			);
			defaultConfigurationIsVisible = 0;
			defaultConfigurationName = Release;
		};
		7398CF3C1DD6F0DD00C0A1D8 /* Build configuration list for PBXNativeTarget "DouYuTVUITests" */ = {
			isa = XCConfigurationList;
			buildConfigurations = (
				7398CF3D1DD6F0DD00C0A1D8 /* Debug */,
				7398CF3E1DD6F0DD00C0A1D8 /* Release */,
			);
			defaultConfigurationIsVisible = 0;
			defaultConfigurationName = Release;
		};
/* End XCConfigurationList section */
	};
	rootObject = 7398CF061DD6F0DD00C0A1D8 /* Project object */;
}
