// !$*UTF8*$!
{
	archiveVersion = 1;
	classes = {
	};
	objectVersion = 46;
	objects = {

/* Begin PBXBuildFile section */
		7398CF121DD6F0DD00C0A1D8 /* AppDelegate.swift in Sources */ = {isa = PBXBuildFile; fileRef = 7398CF111DD6F0DD00C0A1D8 /* AppDelegate.swift */; };
		7398CF171DD6F0DD00C0A1D8 /* Main.storyboard in Resources */ = {isa = PBXBuildFile; fileRef = 7398CF151DD6F0DD00C0A1D8 /* Main.storyboard */; };
		7398CF191DD6F0DD00C0A1D8 /* Assets.xcassets in Resources */ = {isa = PBXBuildFile; fileRef = 7398CF181DD6F0DD00C0A1D8 /* Assets.xcassets */; };
		7398CF1C1DD6F0DD00C0A1D8 /* LaunchScreen.storyboard in Resources */ = {isa = PBXBuildFile; fileRef = 7398CF1A1DD6F0DD00C0A1D8 /* LaunchScreen.storyboard */; };
		7398CF271DD6F0DD00C0A1D8 /* DouYuTVTests.swift in Sources */ = {isa = PBXBuildFile; fileRef = 7398CF261DD6F0DD00C0A1D8 /* DouYuTVTests.swift */; };
		7398CF321DD6F0DD00C0A1D8 /* DouYuTVUITests.swift in Sources */ = {isa = PBXBuildFile; fileRef = 7398CF311DD6F0DD00C0A1D8 /* DouYuTVUITests.swift */; };
/* End PBXBuildFile section */

/* Begin PBXContainerItemProxy section */
		7398CF231DD6F0DD00C0A1D8 /* PBXContainerItemProxy */ = {
			isa = PBXContainerItemProxy;
			containerPortal = 7398CF061DD6F0DD00C0A1D8 /* Project object */;
			proxyType = 1;
			remoteGlobalIDString = 7398CF0D1DD6F0DD00C0A1D8;
			remoteInfo = DouYuTV;
		};
		7398CF2E1DD6F0DD00C0A1D8 /* PBXContainerItemProxy */ = {
			isa = PBXContainerItemProxy;
			containerPortal = 7398CF061DD6F0DD00C0A1D8 /* Project object */;
			proxyType = 1;
			remoteGlobalIDString = 7398CF0D1DD6F0DD00C0A1D8;
			remoteInfo = DouYuTV;
		};
/* End PBXContainerItemProxy section */

/* Begin PBXFileReference section */
		7398CF0E1DD6F0DD00C0A1D8 /* DouYuTV.app */ = {isa = PBXFileReference; explicitFileType = wrapper.application; includeInIndex = 0; path = DouYuTV.app; sourceTree = BUILT_PRODUCTS_DIR; };
		7398CF111DD6F0DD00C0A1D8 /* AppDelegate.swift */ = {isa = PBXFileReference; lastKnownFileType = sourcecode.swift; path = AppDelegate.swift; sourceTree = "<group>"; };
		7398CF161DD6F0DD00C0A1D8 /* Base */ = {isa = PBXFileReference; lastKnownFileType = file.storyboard; name = Base; path = Base.lproj/Main.storyboard; sourceTree = "<group>"; };
		7398CF181DD6F0DD00C0A1D8 /* Assets.xcassets */ = {isa = PBXFileReference; lastKnownFileType = folder.assetcatalog; path = Assets.xcassets; sourceTree = "<group>"; };
		7398CF1B1DD6F0DD00C0A1D8 /* Base */ = {isa = PBXFileReference; lastKnownFileType = file.storyboard; name = Base; path = Base.lproj/LaunchScreen.storyboard; sourceTree = "<group>"; };
		7398CF1D1DD6F0DD00C0A1D8 /* Info.plist */ = {isa = PBXFileReference; lastKnownFileType = text.plist.xml; path = Info.plist; sourceTree = "<group>"; };
		7398CF221DD6F0DD00C0A1D8 /* DouYuTVTests.xctest */ = {isa = PBXFileReference; explicitFileType = wrapper.cfbundle; includeInIndex = 0; path = DouYuTVTests.xctest; sourceTree = BUILT_PRODUCTS_DIR; };
		7398CF261DD6F0DD00C0A1D8 /* DouYuTVTests.swift */ = {isa = PBXFileReference; lastKnownFileType = sourcecode.swift; path = DouYuTVTests.swift; sourceTree = "<group>"; };
		7398CF281DD6F0DD00C0A1D8 /* Info.plist */ = {isa = PBXFileReference; lastKnownFileType = text.plist.xml; path = Info.plist; sourceTree = "<group>"; };
		7398CF2D1DD6F0DD00C0A1D8 /* DouYuTVUITests.xctest */ = {isa = PBXFileReference; explicitFileType = wrapper.cfbundle; includeInIndex = 0; path = DouYuTVUITests.xctest; sourceTree = BUILT_PRODUCTS_DIR; };
		7398CF311DD6F0DD00C0A1D8 /* DouYuTVUITests.swift */ = {isa = PBXFileReference; lastKnownFileType = sourcecode.swift; path = DouYuTVUITests.swift; sourceTree = "<group>"; };
		7398CF331DD6F0DD00C0A1D8 /* Info.plist */ = {isa = PBXFileReference; lastKnownFileType = text.plist.xml; path = Info.plist; sourceTree = "<group>"; };
/* End PBXFileReference section */

/* Begin PBXFrameworksBuildPhase section */
		7398CF0B1DD6F0DD00C0A1D8 /* Frameworks */ = {
			isa = PBXFrameworksBuildPhase;
			buildActionMask = 2147483647;
			files = (
			);
			runOnlyForDeploymentPostprocessing = 0;
		};
		7398CF1F1DD6F0DD00C0A1D8 /* Frameworks */ = {
			isa = PBXFrameworksBuildPhase;
			buildActionMask = 2147483647;
			files = (
			);
			runOnlyForDeploymentPostprocessing = 0;
		};
		7398CF2A1DD6F0DD00C0A1D8 /* Frameworks */ = {
			isa = PBXFrameworksBuildPhase;
			buildActionMask = 2147483647;
			files = (
			);
			runOnlyForDeploymentPostprocessing = 0;
		};
/* End PBXFrameworksBuildPhase section */

/* Begin PBXGroup section */
		7398CF051DD6F0DD00C0A1D8 = {
			isa = PBXGroup;
			children = (
				7398CF101DD6F0DD00C0A1D8 /* DouYuTV */,
				7398CF251DD6F0DD00C0A1D8 /* DouYuTVTests */,
				7398CF301DD6F0DD00C0A1D8 /* DouYuTVUITests */,
				7398CF0F1DD6F0DD00C0A1D8 /* Products */,
			);
			sourceTree = "<group>";
		};
		7398CF0F1DD6F0DD00C0A1D8 /* Products */ = {
			isa = PBXGroup;
			children = (
				7398CF0E1DD6F0DD00C0A1D8 /* DouYuTV.app */,
				7398CF221DD6F0DD00C0A1D8 /* DouYuTVTests.xctest */,
				7398CF2D1DD6F0DD00C0A1D8 /* DouYuTVUITests.xctest */,
			);
			name = Products;
			sourceTree = "<group>";
		};
		7398CF101DD6F0DD00C0A1D8 /* DouYuTV */ = {
			isa = PBXGroup;
			children = (
				7398CF3F1DD6F10400C0A1D8 /* Classes */,
				7398CF111DD6F0DD00C0A1D8 /* AppDelegate.swift */,
				7398CF151DD6F0DD00C0A1D8 /* Main.storyboard */,
				7398CF181DD6F0DD00C0A1D8 /* Assets.xcassets */,
				7398CF1A1DD6F0DD00C0A1D8 /* LaunchScreen.storyboard */,
				7398CF1D1DD6F0DD00C0A1D8 /* Info.plist */,
			);
			path = DouYuTV;
			sourceTree = "<group>";
		};
		7398CF251DD6F0DD00C0A1D8 /* DouYuTVTests */ = {
			isa = PBXGroup;
			children = (
				7398CF261DD6F0DD00C0A1D8 /* DouYuTVTests.swift */,
				7398CF281DD6F0DD00C0A1D8 /* Info.plist */,
			);
			path = DouYuTVTests;
			sourceTree = "<group>";
		};
		7398CF301DD6F0DD00C0A1D8 /* DouYuTVUITests */ = {
			isa = PBXGroup;
			children = (
				7398CF311DD6F0DD00C0A1D8 /* DouYuTVUITests.swift */,
				7398CF331DD6F0DD00C0A1D8 /* Info.plist */,
			);
			path = DouYuTVUITests;
			sourceTree = "<group>";
		};
		7398CF3F1DD6F10400C0A1D8 /* Classes */ = {
			isa = PBXGroup;
			children = (
				7398CF451DD6F10400C0A1D8 /* Main */,
				7398CF411DD6F10400C0A1D8 /* Home */,
				7398CF431DD6F10400C0A1D8 /* Live */,
				7398CF401DD6F10400C0A1D8 /* Follow */,
				7398CF4B1DD6F10400C0A1D8 /* Profile */,
				7398CF4C1DD6F10400C0A1D8 /* Tools */,
			);
			path = Classes;
			sourceTree = "<group>";
		};
		7398CF401DD6F10400C0A1D8 /* Follow */ = {
			isa = PBXGroup;
			children = (
			);
			path = Follow;
			sourceTree = "<group>";
		};
		7398CF411DD6F10400C0A1D8 /* Home */ = {
			isa = PBXGroup;
			children = (
			);
			path = Home;
			sourceTree = "<group>";
		};
		7398CF431DD6F10400C0A1D8 /* Live */ = {
			isa = PBXGroup;
			children = (
			);
			path = Live;
			sourceTree = "<group>";
		};
		7398CF451DD6F10400C0A1D8 /* Main */ = {
			isa = PBXGroup;
			children = (
			);
			path = Main;
			sourceTree = "<group>";
		};
		7398CF4B1DD6F10400C0A1D8 /* Profile */ = {
			isa = PBXGroup;
			children = (
			);
			path = Profile;
			sourceTree = "<group>";
		};
		7398CF4C1DD6F10400C0A1D8 /* Tools */ = {
			isa = PBXGroup;
			children = (
			);
			path = Tools;
			sourceTree = "<group>";
		};
/* End PBXGroup section */

/* Begin PBXNativeTarget section */
		7398CF0D1DD6F0DD00C0A1D8 /* DouYuTV */ = {
			isa = PBXNativeTarget;
			buildConfigurationList = 7398CF361DD6F0DD00C0A1D8 /* Build configuration list for PBXNativeTarget "DouYuTV" */;
			buildPhases = (
				7398CF0A1DD6F0DD00C0A1D8 /* Sources */,
				7398CF0B1DD6F0DD00C0A1D8 /* Frameworks */,
				7398CF0C1DD6F0DD00C0A1D8 /* Resources */,
			);
			buildRules = (
			);
			dependencies = (
			);
			name = DouYuTV;
			productName = DouYuTV;
			productReference = 7398CF0E1DD6F0DD00C0A1D8 /* DouYuTV.app */;
			productType = "com.apple.product-type.application";
		};
		7398CF211DD6F0DD00C0A1D8 /* DouYuTVTests */ = {
			isa = PBXNativeTarget;
			buildConfigurationList = 7398CF391DD6F0DD00C0A1D8 /* Build configuration list for PBXNativeTarget "DouYuTVTests" */;
			buildPhases = (
				7398CF1E1DD6F0DD00C0A1D8 /* Sources */,
				7398CF1F1DD6F0DD00C0A1D8 /* Frameworks */,
				7398CF201DD6F0DD00C0A1D8 /* Resources */,
			);
			buildRules = (
			);
			dependencies = (
				7398CF241DD6F0DD00C0A1D8 /* PBXTargetDependency */,
			);
			name = DouYuTVTests;
			productName = DouYuTVTests;
			productReference = 7398CF221DD6F0DD00C0A1D8 /* DouYuTVTests.xctest */;
			productType = "com.apple.product-type.bundle.unit-test";
		};
		7398CF2C1DD6F0DD00C0A1D8 /* DouYuTVUITests */ = {
			isa = PBXNativeTarget;
			buildConfigurationList = 7398CF3C1DD6F0DD00C0A1D8 /* Build configuration list for PBXNativeTarget "DouYuTVUITests" */;
			buildPhases = (
				7398CF291DD6F0DD00C0A1D8 /* Sources */,
				7398CF2A1DD6F0DD00C0A1D8 /* Frameworks */,
				7398CF2B1DD6F0DD00C0A1D8 /* Resources */,
			);
			buildRules = (
			);
			dependencies = (
				7398CF2F1DD6F0DD00C0A1D8 /* PBXTargetDependency */,
			);
			name = DouYuTVUITests;
			productName = DouYuTVUITests;
			productReference = 7398CF2D1DD6F0DD00C0A1D8 /* DouYuTVUITests.xctest */;
			productType = "com.apple.product-type.bundle.ui-testing";
		};
/* End PBXNativeTarget section */

/* Begin PBXProject section */
		7398CF061DD6F0DD00C0A1D8 /* Project object */ = {
			isa = PBXProject;
			attributes = {
				LastSwiftUpdateCheck = 0810;
				LastUpgradeCheck = 0810;
				ORGANIZATIONNAME = GG;
				TargetAttributes = {
					7398CF0D1DD6F0DD00C0A1D8 = {
						CreatedOnToolsVersion = 8.1;
						ProvisioningStyle = Automatic;
					};
					7398CF211DD6F0DD00C0A1D8 = {
						CreatedOnToolsVersion = 8.1;
						ProvisioningStyle = Automatic;
						TestTargetID = 7398CF0D1DD6F0DD00C0A1D8;
					};
					7398CF2C1DD6F0DD00C0A1D8 = {
						CreatedOnToolsVersion = 8.1;
						ProvisioningStyle = Automatic;
						TestTargetID = 7398CF0D1DD6F0DD00C0A1D8;
					};
				};
			};
			buildConfigurationList = 7398CF091DD6F0DD00C0A1D8 /* Build configuration list for PBXProject "DouYuTV" */;
			compatibilityVersion = "Xcode 3.2";
			developmentRegion = English;
			hasScannedForEncodings = 0;
			knownRegions = (
				en,
				Base,
			);
			mainGroup = 7398CF051DD6F0DD00C0A1D8;
			productRefGroup = 7398CF0F1DD6F0DD00C0A1D8 /* Products */;
			projectDirPath = "";
			projectRoot = "";
			targets = (
				7398CF0D1DD6F0DD00C0A1D8 /* DouYuTV */,
				7398CF211DD6F0DD00C0A1D8 /* DouYuTVTests */,
				7398CF2C1DD6F0DD00C0A1D8 /* DouYuTVUITests */,
			);
		};
/* End PBXProject section */

/* Begin PBXResourcesBuildPhase section */
		7398CF0C1DD6F0DD00C0A1D8 /* Resources */ = {
			isa = PBXResourcesBuildPhase;
			buildActionMask = 2147483647;
			files = (
				7398CF1C1DD6F0DD00C0A1D8 /* LaunchScreen.storyboard in Resources */,
				7398CF191DD6F0DD00C0A1D8 /* Assets.xcassets in Resources */,
				7398CF171DD6F0DD00C0A1D8 /* Main.storyboard in Resources */,
			);
			runOnlyForDeploymentPostprocessing = 0;
		};
		7398CF201DD6F0DD00C0A1D8 /* Resources */ = {
			isa = PBXResourcesBuildPhase;
			buildActionMask = 2147483647;
			files = (
			);
			runOnlyForDeploymentPostprocessing = 0;
		};
		7398CF2B1DD6F0DD00C0A1D8 /* Resources */ = {
			isa = PBXResourcesBuildPhase;
			buildActionMask = 2147483647;
			files = (
			);
			runOnlyForDeploymentPostprocessing = 0;
		};
/* End PBXResourcesBuildPhase section */

/* Begin PBXSourcesBuildPhase section */
		7398CF0A1DD6F0DD00C0A1D8 /* Sources */ = {
			isa = PBXSourcesBuildPhase;
			buildActionMask = 2147483647;
			files = (
				7398CF121DD6F0DD00C0A1D8 /* AppDelegate.swift in Sources */,
			);
			runOnlyForDeploymentPostprocessing = 0;
		};
		7398CF1E1DD6F0DD00C0A1D8 /* Sources */ = {
			isa = PBXSourcesBuildPhase;
			buildActionMask = 2147483647;
			files = (
				7398CF271DD6F0DD00C0A1D8 /* DouYuTVTests.swift in Sources */,
			);
			runOnlyForDeploymentPostprocessing = 0;
		};
		7398CF291DD6F0DD00C0A1D8 /* Sources */ = {
			isa = PBXSourcesBuildPhase;
			buildActionMask = 2147483647;
			files = (
				7398CF321DD6F0DD00C0A1D8 /* DouYuTVUITests.swift in Sources */,
			);
			runOnlyForDeploymentPostprocessing = 0;
		};
/* End PBXSourcesBuildPhase section */

/* Begin PBXTargetDependency section */
		7398CF241DD6F0DD00C0A1D8 /* PBXTargetDependency */ = {
			isa = PBXTargetDependency;
			target = 7398CF0D1DD6F0DD00C0A1D8 /* DouYuTV */;
			targetProxy = 7398CF231DD6F0DD00C0A1D8 /* PBXContainerItemProxy */;
		};
		7398CF2F1DD6F0DD00C0A1D8 /* PBXTargetDependency */ = {
			isa = PBXTargetDependency;
			target = 7398CF0D1DD6F0DD00C0A1D8 /* DouYuTV */;
			targetProxy = 7398CF2E1DD6F0DD00C0A1D8 /* PBXContainerItemProxy */;
		};
/* End PBXTargetDependency section */

/* Begin PBXVariantGroup section */
		7398CF151DD6F0DD00C0A1D8 /* Main.storyboard */ = {
			isa = PBXVariantGroup;
			children = (
				7398CF161DD6F0DD00C0A1D8 /* Base */,
			);
			name = Main.storyboard;
			sourceTree = "<group>";
		};
		7398CF1A1DD6F0DD00C0A1D8 /* LaunchScreen.storyboard */ = {
			isa = PBXVariantGroup;
			children = (
				7398CF1B1DD6F0DD00C0A1D8 /* Base */,
			);
			name = LaunchScreen.storyboard;
			sourceTree = "<group>";
		};
/* End PBXVariantGroup section */

/* Begin XCBuildConfiguration section */
		7398CF341DD6F0DD00C0A1D8 /* Debug */ = {
			isa = XCBuildConfiguration;
			buildSettings = {
				ALWAYS_SEARCH_USER_PATHS = NO;
				CLANG_ANALYZER_NONNULL = YES;
				CLANG_CXX_LANGUAGE_STANDARD = "gnu++0x";
				CLANG_CXX_LIBRARY = "libc++";
				CLANG_ENABLE_MODULES = YES;
				CLANG_ENABLE_OBJC_ARC = YES;
				CLANG_WARN_BOOL_CONVERSION = YES;
				CLANG_WARN_CONSTANT_CONVERSION = YES;
				CLANG_WARN_DIRECT_OBJC_ISA_USAGE = YES_ERROR;
				CLANG_WARN_DOCUMENTATION_COMMENTS = YES;
				CLANG_WARN_EMPTY_BODY = YES;
				CLANG_WARN_ENUM_CONVERSION = YES;
				CLANG_WARN_INFINITE_RECURSION = YES;
				CLANG_WARN_INT_CONVERSION = YES;
				CLANG_WARN_OBJC_ROOT_CLASS = YES_ERROR;
				CLANG_WARN_SUSPICIOUS_MOVES = YES;
				CLANG_WARN_UNREACHABLE_CODE = YES;
				CLANG_WARN__DUPLICATE_METHOD_MATCH = YES;
				"CODE_SIGN_IDENTITY[sdk=iphoneos*]" = "iPhone Developer";
				COPY_PHASE_STRIP = NO;
				DEBUG_INFORMATION_FORMAT = dwarf;
				ENABLE_STRICT_OBJC_MSGSEND = YES;
				ENABLE_TESTABILITY = YES;
				GCC_C_LANGUAGE_STANDARD = gnu99;
				GCC_DYNAMIC_NO_PIC = NO;
				GCC_NO_COMMON_BLOCKS = YES;
				GCC_OPTIMIZATION_LEVEL = 0;
				GCC_PREPROCESSOR_DEFINITIONS = (
					"DEBUG=1",
					"$(inherited)",
				);
				GCC_WARN_64_TO_32_BIT_CONVERSION = YES;
				GCC_WARN_ABOUT_RETURN_TYPE = YES_ERROR;
				GCC_WARN_UNDECLARED_SELECTOR = YES;
				GCC_WARN_UNINITIALIZED_AUTOS = YES_AGGRESSIVE;
				GCC_WARN_UNUSED_FUNCTION = YES;
				GCC_WARN_UNUSED_VARIABLE = YES;
				IPHONEOS_DEPLOYMENT_TARGET = 10.1;
				MTL_ENABLE_DEBUG_INFO = YES;
				ONLY_ACTIVE_ARCH = YES;
				SDKROOT = iphoneos;
				SWIFT_ACTIVE_COMPILATION_CONDITIONS = DEBUG;
				SWIFT_OPTIMIZATION_LEVEL = "-Onone";
				TARGETED_DEVICE_FAMILY = "1,2";
			};
			name = Debug;
		};
		7398CF351DD6F0DD00C0A1D8 /* Release */ = {
			isa = XCBuildConfiguration;
			buildSettings = {
				ALWAYS_SEARCH_USER_PATHS = NO;
				CLANG_ANALYZER_NONNULL = YES;
				CLANG_CXX_LANGUAGE_STANDARD = "gnu++0x";
				CLANG_CXX_LIBRARY = "libc++";
				CLANG_ENABLE_MODULES = YES;
				CLANG_ENABLE_OBJC_ARC = YES;
				CLANG_WARN_BOOL_CONVERSION = YES;
				CLANG_WARN_CONSTANT_CONVERSION = YES;
				CLANG_WARN_DIRECT_OBJC_ISA_USAGE = YES_ERROR;
				CLANG_WARN_DOCUMENTATION_COMMENTS = YES;
				CLANG_WARN_EMPTY_BODY = YES;
				CLANG_WARN_ENUM_CONVERSION = YES;
				CLANG_WARN_INFINITE_RECURSION = YES;
				CLANG_WARN_INT_CONVERSION = YES;
				CLANG_WARN_OBJC_ROOT_CLASS = YES_ERROR;
				CLANG_WARN_SUSPICIOUS_MOVES = YES;
				CLANG_WARN_UNREACHABLE_CODE = YES;
				CLANG_WARN__DUPLICATE_METHOD_MATCH = YES;
				"CODE_SIGN_IDENTITY[sdk=iphoneos*]" = "iPhone Developer";
				COPY_PHASE_STRIP = NO;
				DEBUG_INFORMATION_FORMAT = "dwarf-with-dsym";
				ENABLE_NS_ASSERTIONS = NO;
				ENABLE_STRICT_OBJC_MSGSEND = YES;
				GCC_C_LANGUAGE_STANDARD = gnu99;
				GCC_NO_COMMON_BLOCKS = YES;
				GCC_WARN_64_TO_32_BIT_CONVERSION = YES;
				GCC_WARN_ABOUT_RETURN_TYPE = YES_ERROR;
				GCC_WARN_UNDECLARED_SELECTOR = YES;
				GCC_WARN_UNINITIALIZED_AUTOS = YES_AGGRESSIVE;
				GCC_WARN_UNUSED_FUNCTION = YES;
				GCC_WARN_UNUSED_VARIABLE = YES;
				IPHONEOS_DEPLOYMENT_TARGET = 10.1;
				MTL_ENABLE_DEBUG_INFO = NO;
				SDKROOT = iphoneos;
				SWIFT_OPTIMIZATION_LEVEL = "-Owholemodule";
				TARGETED_DEVICE_FAMILY = "1,2";
				VALIDATE_PRODUCT = YES;
			};
			name = Release;
		};
		7398CF371DD6F0DD00C0A1D8 /* Debug */ = {
			isa = XCBuildConfiguration;
			buildSettings = {
				ASSETCATALOG_COMPILER_APPICON_NAME = AppIcon;
				ASSETCATALOG_COMPILER_LAUNCHIMAGE_NAME = "Brand Assets";
				INFOPLIST_FILE = DouYuTV/Info.plist;
				IPHONEOS_DEPLOYMENT_TARGET = 9.0;
				LD_RUNPATH_SEARCH_PATHS = "$(inherited) @executable_path/Frameworks";
				PRODUCT_BUNDLE_IDENTIFIER = Com.GG.DouYuTV;
				PRODUCT_NAME = "$(TARGET_NAME)";
				SWIFT_VERSION = 3.0;
			};
			name = Debug;
		};
		7398CF381DD6F0DD00C0A1D8 /* Release */ = {
			isa = XCBuildConfiguration;
			buildSettings = {
				ASSETCATALOG_COMPILER_APPICON_NAME = AppIcon;
				ASSETCATALOG_COMPILER_LAUNCHIMAGE_NAME = "Brand Assets";
				INFOPLIST_FILE = DouYuTV/Info.plist;
				IPHONEOS_DEPLOYMENT_TARGET = 9.0;
				LD_RUNPATH_SEARCH_PATHS = "$(inherited) @executable_path/Frameworks";
				PRODUCT_BUNDLE_IDENTIFIER = Com.GG.DouYuTV;
				PRODUCT_NAME = "$(TARGET_NAME)";
				SWIFT_VERSION = 3.0;
			};
			name = Release;
		};
		7398CF3A1DD6F0DD00C0A1D8 /* Debug */ = {
			isa = XCBuildConfiguration;
			buildSettings = {
				ALWAYS_EMBED_SWIFT_STANDARD_LIBRARIES = YES;
				BUNDLE_LOADER = "$(TEST_HOST)";
				INFOPLIST_FILE = DouYuTVTests/Info.plist;
				LD_RUNPATH_SEARCH_PATHS = "$(inherited) @executable_path/Frameworks @loader_path/Frameworks";
				PRODUCT_BUNDLE_IDENTIFIER = Com.GG.DouYuTVTests;
				PRODUCT_NAME = "$(TARGET_NAME)";
				SWIFT_VERSION = 3.0;
				TEST_HOST = "$(BUILT_PRODUCTS_DIR)/DouYuTV.app/DouYuTV";
			};
			name = Debug;
		};
		7398CF3B1DD6F0DD00C0A1D8 /* Release */ = {
			isa = XCBuildConfiguration;
			buildSettings = {
				ALWAYS_EMBED_SWIFT_STANDARD_LIBRARIES = YES;
				BUNDLE_LOADER = "$(TEST_HOST)";
				INFOPLIST_FILE = DouYuTVTests/Info.plist;
				LD_RUNPATH_SEARCH_PATHS = "$(inherited) @executable_path/Frameworks @loader_path/Frameworks";
				PRODUCT_BUNDLE_IDENTIFIER = Com.GG.DouYuTVTests;
				PRODUCT_NAME = "$(TARGET_NAME)";
				SWIFT_VERSION = 3.0;
				TEST_HOST = "$(BUILT_PRODUCTS_DIR)/DouYuTV.app/DouYuTV";
			};
			name = Release;
		};
		7398CF3D1DD6F0DD00C0A1D8 /* Debug */ = {
			isa = XCBuildConfiguration;
			buildSettings = {
				ALWAYS_EMBED_SWIFT_STANDARD_LIBRARIES = YES;
				INFOPLIST_FILE = DouYuTVUITests/Info.plist;
				LD_RUNPATH_SEARCH_PATHS = "$(inherited) @executable_path/Frameworks @loader_path/Frameworks";
				PRODUCT_BUNDLE_IDENTIFIER = Com.GG.DouYuTVUITests;
				PRODUCT_NAME = "$(TARGET_NAME)";
				SWIFT_VERSION = 3.0;
				TEST_TARGET_NAME = DouYuTV;
			};
			name = Debug;
		};
		7398CF3E1DD6F0DD00C0A1D8 /* Release */ = {
			isa = XCBuildConfiguration;
			buildSettings = {
				ALWAYS_EMBED_SWIFT_STANDARD_LIBRARIES = YES;
				INFOPLIST_FILE = DouYuTVUITests/Info.plist;
				LD_RUNPATH_SEARCH_PATHS = "$(inherited) @executable_path/Frameworks @loader_path/Frameworks";
				PRODUCT_BUNDLE_IDENTIFIER = Com.GG.DouYuTVUITests;
				PRODUCT_NAME = "$(TARGET_NAME)";
				SWIFT_VERSION = 3.0;
				TEST_TARGET_NAME = DouYuTV;
			};
			name = Release;
		};
/* End XCBuildConfiguration section */

/* Begin XCConfigurationList section */
		7398CF091DD6F0DD00C0A1D8 /* Build configuration list for PBXProject "DouYuTV" */ = {
			isa = XCConfigurationList;
			buildConfigurations = (
				7398CF341DD6F0DD00C0A1D8 /* Debug */,
				7398CF351DD6F0DD00C0A1D8 /* Release */,
			);
			defaultConfigurationIsVisible = 0;
			defaultConfigurationName = Release;
		};
		7398CF361DD6F0DD00C0A1D8 /* Build configuration list for PBXNativeTarget "DouYuTV" */ = {
			isa = XCConfigurationList;
			buildConfigurations = (
				7398CF371DD6F0DD00C0A1D8 /* Debug */,
				7398CF381DD6F0DD00C0A1D8 /* Release */,
			);
			defaultConfigurationIsVisible = 0;
			defaultConfigurationName = Release;
		};
		7398CF391DD6F0DD00C0A1D8 /* Build configuration list for PBXNativeTarget "DouYuTVTests" */ = {
			isa = XCConfigurationList;
			buildConfigurations = (
				7398CF3A1DD6F0DD00C0A1D8 /* Debug */,
				7398CF3B1DD6F0DD00C0A1D8 /* Release */,
			);
			defaultConfigurationIsVisible = 0;
			defaultConfigurationName = Release;
		};
		7398CF3C1DD6F0DD00C0A1D8 /* Build configuration list for PBXNativeTarget "DouYuTVUITests" */ = {
			isa = XCConfigurationList;
			buildConfigurations = (
				7398CF3D1DD6F0DD00C0A1D8 /* Debug */,
				7398CF3E1DD6F0DD00C0A1D8 /* Release */,
			);
			defaultConfigurationIsVisible = 0;
			defaultConfigurationName = Release;
		};
/* End XCConfigurationList section */
	};
	rootObject = 7398CF061DD6F0DD00C0A1D8 /* Project object */;
}
